# This file is generated by running "yarn install" inside your project.
# Manual changes might be lost - proceed with caution!

__metadata:
  version: 8
  cacheKey: 10c0

"@cspell/cspell-bundled-dicts@npm:9.2.2":
  version: 9.2.2
  resolution: "@cspell/cspell-bundled-dicts@npm:9.2.2"
  dependencies:
    "@cspell/dict-ada": "npm:^4.1.1"
    "@cspell/dict-al": "npm:^1.1.1"
    "@cspell/dict-aws": "npm:^4.0.15"
    "@cspell/dict-bash": "npm:^4.2.1"
    "@cspell/dict-companies": "npm:^3.2.6"
    "@cspell/dict-cpp": "npm:^6.0.12"
    "@cspell/dict-cryptocurrencies": "npm:^5.0.5"
    "@cspell/dict-csharp": "npm:^4.0.7"
    "@cspell/dict-css": "npm:^4.0.18"
    "@cspell/dict-dart": "npm:^2.3.1"
    "@cspell/dict-data-science": "npm:^2.0.10"
    "@cspell/dict-django": "npm:^4.1.5"
    "@cspell/dict-docker": "npm:^1.1.16"
    "@cspell/dict-dotnet": "npm:^5.0.10"
    "@cspell/dict-elixir": "npm:^4.0.8"
    "@cspell/dict-en-common-misspellings": "npm:^2.1.6"
    "@cspell/dict-en-gb-mit": "npm:^3.1.10"
    "@cspell/dict-en_us": "npm:^4.4.20"
    "@cspell/dict-filetypes": "npm:^3.0.14"
    "@cspell/dict-flutter": "npm:^1.1.1"
    "@cspell/dict-fonts": "npm:^4.0.5"
    "@cspell/dict-fsharp": "npm:^1.1.1"
    "@cspell/dict-fullstack": "npm:^3.2.7"
    "@cspell/dict-gaming-terms": "npm:^1.1.2"
    "@cspell/dict-git": "npm:^3.0.7"
    "@cspell/dict-golang": "npm:^6.0.23"
    "@cspell/dict-google": "npm:^1.0.9"
    "@cspell/dict-haskell": "npm:^4.0.6"
    "@cspell/dict-html": "npm:^4.0.12"
    "@cspell/dict-html-symbol-entities": "npm:^4.0.4"
    "@cspell/dict-java": "npm:^5.0.12"
    "@cspell/dict-julia": "npm:^1.1.1"
    "@cspell/dict-k8s": "npm:^1.0.12"
    "@cspell/dict-kotlin": "npm:^1.1.1"
    "@cspell/dict-latex": "npm:^4.0.4"
    "@cspell/dict-lorem-ipsum": "npm:^4.0.5"
    "@cspell/dict-lua": "npm:^4.0.8"
    "@cspell/dict-makefile": "npm:^1.0.5"
    "@cspell/dict-markdown": "npm:^2.0.12"
    "@cspell/dict-monkeyc": "npm:^1.0.11"
    "@cspell/dict-node": "npm:^5.0.8"
    "@cspell/dict-npm": "npm:^5.2.18"
    "@cspell/dict-php": "npm:^4.0.15"
    "@cspell/dict-powershell": "npm:^5.0.15"
    "@cspell/dict-public-licenses": "npm:^2.0.15"
    "@cspell/dict-python": "npm:^4.2.20"
    "@cspell/dict-r": "npm:^2.1.1"
    "@cspell/dict-ruby": "npm:^5.0.9"
    "@cspell/dict-rust": "npm:^4.0.12"
    "@cspell/dict-scala": "npm:^5.0.8"
    "@cspell/dict-shell": "npm:^1.1.1"
    "@cspell/dict-software-terms": "npm:^5.1.9"
    "@cspell/dict-sql": "npm:^2.2.1"
    "@cspell/dict-svelte": "npm:^1.0.7"
    "@cspell/dict-swift": "npm:^2.0.6"
    "@cspell/dict-terraform": "npm:^1.1.3"
    "@cspell/dict-typescript": "npm:^3.2.3"
    "@cspell/dict-vue": "npm:^3.0.5"
  checksum: 10c0/a5a3234234860988f3665a7b25cdf1430cb5a91d93099b2dc55c20feb0136b873861ce5d7c370f1a343820dee030873d9b1c76565a45f96cf71457417d1f8647
  languageName: node
  linkType: hard

"@cspell/cspell-json-reporter@npm:9.2.2":
  version: 9.2.2
  resolution: "@cspell/cspell-json-reporter@npm:9.2.2"
  dependencies:
    "@cspell/cspell-types": "npm:9.2.2"
  checksum: 10c0/4f4b62055d3dc0cac4005b467a9bb8246823d5887bfe75af6c260186b25bdb373de0bc6b8677a46369b4a874215ea34d40819503b69702051de25e7dc1d85197
  languageName: node
  linkType: hard

"@cspell/cspell-pipe@npm:9.2.2":
  version: 9.2.2
  resolution: "@cspell/cspell-pipe@npm:9.2.2"
  checksum: 10c0/636dad76645f960154ae5fb54dbad8c8ac7d0ba370554255c625497bdc0e9e8c714aad180b322394818b9706eeba35e6b52e8157884353510fd76d7ef277d7d0
  languageName: node
  linkType: hard

"@cspell/cspell-resolver@npm:9.2.2":
  version: 9.2.2
  resolution: "@cspell/cspell-resolver@npm:9.2.2"
  dependencies:
    global-directory: "npm:^4.0.1"
  checksum: 10c0/a0b2f5c1533c28ae159781c01e0458129b7749c57038666152a8aaf6daef9e1fbe1e0b9b624c4faefb82504759b4b48407f444bc98ac3da6adbf1d2d9516d176
  languageName: node
  linkType: hard

"@cspell/cspell-service-bus@npm:9.2.2":
  version: 9.2.2
  resolution: "@cspell/cspell-service-bus@npm:9.2.2"
  checksum: 10c0/b10f2f03011d6848c6ada2e204a3a7ed59dba1f0e9cefb0ed2934fa9af14e79b5f6aaacdd4e159427fa35251bb3d5b20a6ffd7676566ac2d7c4d262bca8d5593
  languageName: node
  linkType: hard

"@cspell/cspell-types@npm:9.2.2":
  version: 9.2.2
  resolution: "@cspell/cspell-types@npm:9.2.2"
  checksum: 10c0/42acbd76cbbd9f84dcda654ba411cfad3cc71d13652d91ddb72fb2dad863a95d3903ea2601a9a4aa2b5fac2a1981c1914f18bd60034e7738d932ed341f7c3220
  languageName: node
  linkType: hard

"@cspell/dict-ada@npm:^4.1.1":
  version: 4.1.1
  resolution: "@cspell/dict-ada@npm:4.1.1"
  checksum: 10c0/4943399b5dd7dbed220b92ddcc6d3c55d0b00f141b52a39f35b9235e8f8cad8c0e63cab6af3f8f9e6ea669e672799215e50320059cae972fcd34174f4cbf38c7
  languageName: node
  linkType: hard

"@cspell/dict-al@npm:^1.1.1":
  version: 1.1.1
  resolution: "@cspell/dict-al@npm:1.1.1"
  checksum: 10c0/a6bd4d57a3027f91a44bd37f29f449beb684032cc88ba742a7b1576a3fac3f9d93c57b0a3b45eea732efb50c322ce2b8de386e1b15f605372ed312d4db6bc292
  languageName: node
  linkType: hard

"@cspell/dict-aws@npm:^4.0.15":
  version: 4.0.15
  resolution: "@cspell/dict-aws@npm:4.0.15"
  checksum: 10c0/c5983f2e5ce3dd23d5b8ebc818cc963d9b2c91d9b8436b40491a46ebca4cb1bc7875237c443f6e883488ca66174e84bb804f8b6e37439b4ba6c2b52a146eaa20
  languageName: node
  linkType: hard

"@cspell/dict-bash@npm:^4.2.1":
  version: 4.2.1
  resolution: "@cspell/dict-bash@npm:4.2.1"
  dependencies:
    "@cspell/dict-shell": "npm:1.1.1"
  checksum: 10c0/5c49c57cd63c959a1c7b4bdad435230413b9bf6f8e1b875e371ae9e6989589f8f5ee5b0464534be18149090405ef1853a7d577bbdd77dd5ac844411ce744663f
  languageName: node
  linkType: hard

"@cspell/dict-companies@npm:^3.2.6":
  version: 3.2.7
  resolution: "@cspell/dict-companies@npm:3.2.7"
  checksum: 10c0/ba2e73974560dc61742c05c00ef75719a31f24e05ad7cfe01ed8eb4a614f8f0a4bb3a0b6cfd9bec6d02e746c490d5de4a3310cfc176461bb4d6de0751c868515
  languageName: node
  linkType: hard

"@cspell/dict-cpp@npm:^6.0.12":
  version: 6.0.12
  resolution: "@cspell/dict-cpp@npm:6.0.12"
  checksum: 10c0/0eb014be8a824a4643493cdf62d65a2ef275b447d3b649b00fa9c1bff821d11fb0588929a2dd8a05f54931ecaa44bfa1d42d8f49b975d2c23e25cfd34fa56c25
  languageName: node
  linkType: hard

"@cspell/dict-cryptocurrencies@npm:^5.0.5":
  version: 5.0.5
  resolution: "@cspell/dict-cryptocurrencies@npm:5.0.5"
  checksum: 10c0/d28c05f26d500bf05d08d725b43b5c1d740177b31ebdfcd03ae9929988b7878c3a6c94b99d8e355a5b20201f8af4b71713fb7f417548b69d621129ad6863be51
  languageName: node
  linkType: hard

"@cspell/dict-csharp@npm:^4.0.7":
  version: 4.0.7
  resolution: "@cspell/dict-csharp@npm:4.0.7"
  checksum: 10c0/93afd6cfc973a5543120d1de2ee9cafbcbe64af6743e2ba3a8cfb0965fe19c85c6dee5a32c99a156cc979c8a89803b684e324ca92065b3a32faa7db786072e5e
  languageName: node
  linkType: hard

"@cspell/dict-css@npm:^4.0.18":
  version: 4.0.18
  resolution: "@cspell/dict-css@npm:4.0.18"
  checksum: 10c0/6d27fab2c1d2b023bdca93c2b013f69b2e782e2df444fed9406a0f9c1f2c84e6da5bfa9b7ae4c4e235498bbfd06a8822a6d6b228b5d3444fda8499d7a81dddfe
  languageName: node
  linkType: hard

"@cspell/dict-dart@npm:^2.3.1":
  version: 2.3.1
  resolution: "@cspell/dict-dart@npm:2.3.1"
  checksum: 10c0/40bbb2e20b761da0be513d3476db054211bfa5a514860569c0d46f3b869b782ef8d8118b4a30aa10b51dde280d22d5199988c9a89d2495742e660de8b5bb6792
  languageName: node
  linkType: hard

"@cspell/dict-data-science@npm:^2.0.10, @cspell/dict-data-science@npm:^2.0.11":
  version: 2.0.11
  resolution: "@cspell/dict-data-science@npm:2.0.11"
  checksum: 10c0/b273db0ce3306355ff75963610810055c517d2aa45ebd12a45b64e8b11de548e53ff980be7e7496c4f9b438a9737142399ff528c8cf1ffc22798fcc4f3fff42c
  languageName: node
  linkType: hard

"@cspell/dict-django@npm:^4.1.5":
  version: 4.1.5
  resolution: "@cspell/dict-django@npm:4.1.5"
  checksum: 10c0/df51162b33c31ead2a983dc26face4b2d563382b082cbf13971593cec3687552d4e4e4af444beecb3b00baf1c28b5cb92944dba04de303d0864f7656a11b8921
  languageName: node
  linkType: hard

"@cspell/dict-docker@npm:^1.1.16":
  version: 1.1.16
  resolution: "@cspell/dict-docker@npm:1.1.16"
  checksum: 10c0/0e2c211da4a8d6e23311bc41c4041bf447c5c7a4ab84afe3a0229d11fc0af19ec1f6f8fcfd9c6b6793b538a81026d3957e86f3999baba973520ffe84a9420014
  languageName: node
  linkType: hard

"@cspell/dict-dotnet@npm:^5.0.10":
  version: 5.0.10
  resolution: "@cspell/dict-dotnet@npm:5.0.10"
  checksum: 10c0/ddb368955d86059d6d59a82263769af832c90028e20c61cdc1e9ba25ac7de8465fd4da2f1966c4683d870720ef7138b937bdde994ac5e991aafc84e236f218b9
  languageName: node
  linkType: hard

"@cspell/dict-elixir@npm:^4.0.8":
  version: 4.0.8
  resolution: "@cspell/dict-elixir@npm:4.0.8"
  checksum: 10c0/fe63aace353de8a134102764a58344fe755f27276fddcdf7e858d250ee13732a58f37f940c13bae7080fc286cb5b327ed168d201758da49243a1e45f42512c5f
  languageName: node
  linkType: hard

"@cspell/dict-en-common-misspellings@npm:^2.1.6":
  version: 2.1.7
  resolution: "@cspell/dict-en-common-misspellings@npm:2.1.7"
  checksum: 10c0/ec2325ecb2afb5bcb4e4a0eb1f9c4790228511e696219c0b94edfda05264ee28652f94486b4b63d9091bb9cb3f82b69d72cc0a618d91f23273257db22e8d44b2
  languageName: node
  linkType: hard

"@cspell/dict-en-gb-mit@npm:^3.1.10":
  version: 3.1.12
  resolution: "@cspell/dict-en-gb-mit@npm:3.1.12"
  checksum: 10c0/cb22790537a8d5494afdd70673c2a0134187a89522ec9fad4dc84082268348251c07c76e4b3bb9c46cc93aab9d0ab1fa4c4677c7fd0e1756d2a718787a230499
  languageName: node
  linkType: hard

"@cspell/dict-en_us@npm:^4.4.20":
  version: 4.4.22
  resolution: "@cspell/dict-en_us@npm:4.4.22"
  checksum: 10c0/d8c72832f670907721ed7d7588ee1606ebc4e46dc8d42c8f1bcbb338b67fbe771e4698469d68160eea155bba68e705b9070cdd7f6d42212d7b28be6ed539e79a
  languageName: node
  linkType: hard

"@cspell/dict-filetypes@npm:^3.0.14":
  version: 3.0.14
  resolution: "@cspell/dict-filetypes@npm:3.0.14"
  checksum: 10c0/cc51a1099e331021b2be77f7aaa554a6e4e3d9af9443c48a59903867f44ea4553056b130c965d4b599191b7c9a72d86aa151f6a76bdcdad7004d34a3050a8ab5
  languageName: node
  linkType: hard

"@cspell/dict-flutter@npm:^1.1.1":
  version: 1.1.1
  resolution: "@cspell/dict-flutter@npm:1.1.1"
  checksum: 10c0/77e4533e6e7a38261ba2d744ca0c3aabb78f79b1ba6a2fde32169e475e5f940a526503097e520807155a0d8d0c16db346968873a32f1e99393be687da505e1b4
  languageName: node
  linkType: hard

"@cspell/dict-fonts@npm:^4.0.5":
  version: 4.0.5
  resolution: "@cspell/dict-fonts@npm:4.0.5"
  checksum: 10c0/5ed1886fabe245e1abeb7da2b0d6a534ddf204666ecd5d7d153a422dfbb93854456025b1894bc61e7c21915116d06b177e3012bc7a969307c8797baac2380f6f
  languageName: node
  linkType: hard

"@cspell/dict-fsharp@npm:^1.1.1":
  version: 1.1.1
  resolution: "@cspell/dict-fsharp@npm:1.1.1"
  checksum: 10c0/919de1f2a29d646781cb3114985f2730cc5ee0a253dc03c225c4430e73659e1189891fa7fa09c43179437e7386f4094e41d23d754b0a99a342344986094e2846
  languageName: node
  linkType: hard

"@cspell/dict-fullstack@npm:^3.2.7":
  version: 3.2.7
  resolution: "@cspell/dict-fullstack@npm:3.2.7"
  checksum: 10c0/81e19f537553f243fa2ede72cbaf727f71c64ea769952c6bea20d82492b9199761677e1107683abd225dcbd6233bf0502c8faf7ec9be65538fdca2a7138bdf3f
  languageName: node
  linkType: hard

"@cspell/dict-gaming-terms@npm:^1.1.2":
  version: 1.1.2
  resolution: "@cspell/dict-gaming-terms@npm:1.1.2"
  checksum: 10c0/eba9c672d352e54011704d97f5467158c02c238fa1639e64177ee1cd0d2c52deb57f0c9ae5f3c64d1742fd6a479515d0d8de5d1fc4ef8c5db58affb9947c90ea
  languageName: node
  linkType: hard

"@cspell/dict-git@npm:^3.0.7":
  version: 3.0.7
  resolution: "@cspell/dict-git@npm:3.0.7"
  checksum: 10c0/db22c7a8eeca4c36fba9fdeae440bfdf0d4fd7ca2aaebe06b8b895273ea93eb48f00bb3216146e2d8e595226ad96668095f6ffa0f80f88ccdd450054aca5f12c
  languageName: node
  linkType: hard

"@cspell/dict-golang@npm:^6.0.23":
  version: 6.0.23
  resolution: "@cspell/dict-golang@npm:6.0.23"
  checksum: 10c0/c86aa83796be7a7b1dda48a1ff99b051d824094811e457c0f637d9fabf14a9a2290db54f28b68dfb6dc8ab203e67d634af22c8aa4885738d4c150856f5343f47
  languageName: node
  linkType: hard

"@cspell/dict-google@npm:^1.0.9":
  version: 1.0.9
  resolution: "@cspell/dict-google@npm:1.0.9"
  checksum: 10c0/f7e10353f97910a884f1d5ea4e60d4dd5a475ab27b669e97ade88669b1726eb4ed7c4f2ae5e3a227da77a15433ca3b6faba8d8700ff431b31c812d3c5329c8e4
  languageName: node
  linkType: hard

"@cspell/dict-haskell@npm:^4.0.6":
  version: 4.0.6
  resolution: "@cspell/dict-haskell@npm:4.0.6"
  checksum: 10c0/cb8a179e26190ca333789dcbd1dae3c03ec28a8d4dd99756e770c9cf837e66a78f291e6db0d8ea7763cdbb968b0369998c593978a3bb52a9b38aaa4ce8746b3a
  languageName: node
  linkType: hard

"@cspell/dict-html-symbol-entities@npm:^4.0.4":
  version: 4.0.4
  resolution: "@cspell/dict-html-symbol-entities@npm:4.0.4"
  checksum: 10c0/ff6be66c36845409622b732f010c5c7a3680c759fba55d136be5556f505bd7e7daee85834b2b9aae54c90a6f6b4055a1b39d49a5976c04226fa80f9238fa48a1
  languageName: node
  linkType: hard

"@cspell/dict-html@npm:^4.0.12":
  version: 4.0.12
  resolution: "@cspell/dict-html@npm:4.0.12"
  checksum: 10c0/de3d7197859502e2bb7be4206a881cd53bc6b30516cd181116bbe83c9698da34ebaf7e8da2d62afe925bd0cc3a8abb16aea3794eb3a916a83dc1e915c7b6b49f
  languageName: node
  linkType: hard

"@cspell/dict-java@npm:^5.0.12":
  version: 5.0.12
  resolution: "@cspell/dict-java@npm:5.0.12"
  checksum: 10c0/aba65f3762350c7e9381f5dc174d3cd1292379eef6b426e1561aeca3476c63268a10b99cfcd7b8cd15bbaef8dfa7abb914a3f34f211c504064a22409a1441923
  languageName: node
  linkType: hard

"@cspell/dict-julia@npm:^1.1.1":
  version: 1.1.1
  resolution: "@cspell/dict-julia@npm:1.1.1"
  checksum: 10c0/6dbc4c17bbee1a95491bf77b9438924852e9393699ac24e02a0b6846fdaf00a6ed5baafa94aa91a6f50016c3ab43c399ac814afa6504518da7e2f26a97ff3d0e
  languageName: node
  linkType: hard

"@cspell/dict-k8s@npm:^1.0.12":
  version: 1.0.12
  resolution: "@cspell/dict-k8s@npm:1.0.12"
  checksum: 10c0/53ca1b0d86f8432fb9548982edfde402985a1dc7c0b778374968a9b657e53bace638ef188551c0847588e2bf6ad147d2cd0ee92d5a37b71b0791e63971bfd2d1
  languageName: node
  linkType: hard

"@cspell/dict-kotlin@npm:^1.1.1":
  version: 1.1.1
  resolution: "@cspell/dict-kotlin@npm:1.1.1"
  checksum: 10c0/45d0efc3701007b87e562d434eae8b05a16f730b28dd6d3ec237014d1b87dfa49075b57fad1acdb7b7939c64777f5238b991379debd9a45d91a3193a1e3481fc
  languageName: node
  linkType: hard

"@cspell/dict-latex@npm:^4.0.4":
  version: 4.0.4
  resolution: "@cspell/dict-latex@npm:4.0.4"
  checksum: 10c0/5050b8b8bede9970224a12ac1b613acf735ef36121acad61a891f28ff2aa5e60ffc2392ad502f7de107a2af485f8fb73e611ba6ac169b41f06101bffd4897aca
  languageName: node
  linkType: hard

"@cspell/dict-lorem-ipsum@npm:^4.0.5":
  version: 4.0.5
  resolution: "@cspell/dict-lorem-ipsum@npm:4.0.5"
  checksum: 10c0/dd28957e60f4f68baec72fb69196394b9993fcadadcf018c58de75bf89434e4cd49e694cd33dccfcd18d4f65e489f37d284044ef75615613369e0a72dd2ec974
  languageName: node
  linkType: hard

"@cspell/dict-lua@npm:^4.0.8":
  version: 4.0.8
  resolution: "@cspell/dict-lua@npm:4.0.8"
  checksum: 10c0/24dd577a75bcc5fcd194a337fdcb7a443f239b1b22f7392787ed8e9fd82f03f14b524a5f49a394c2d372ba493ab6cb3aebe7219da69e4565404b11cc29a909a3
  languageName: node
  linkType: hard

"@cspell/dict-makefile@npm:^1.0.5":
  version: 1.0.5
  resolution: "@cspell/dict-makefile@npm:1.0.5"
  checksum: 10c0/ee6ae5472493cb5fde7326c4ecb9e036b8a3cd348c3c06c2cbe5ce420a13776bd8f6fb0709f2f5bb62f745ea4d1fa63d59e533fbce13bde07743867f77818e86
  languageName: node
  linkType: hard

"@cspell/dict-markdown@npm:^2.0.12":
  version: 2.0.12
  resolution: "@cspell/dict-markdown@npm:2.0.12"
  peerDependencies:
    "@cspell/dict-css": ^4.0.18
    "@cspell/dict-html": ^4.0.12
    "@cspell/dict-html-symbol-entities": ^4.0.4
    "@cspell/dict-typescript": ^3.2.3
  checksum: 10c0/f6d53e71525dff0832950345118abcb2c2ca01aaff51922c5c18f7c3bc0d84a2168bb9bb3e400fe6b91312a5892d0b608db6ea590e2a785474ad355e60d9b535
  languageName: node
  linkType: hard

"@cspell/dict-monkeyc@npm:^1.0.11":
  version: 1.0.11
  resolution: "@cspell/dict-monkeyc@npm:1.0.11"
  checksum: 10c0/856b7107b2eb70925bf7388f6961548c205b9580298ce28352644b5d20b4779b7d0f8d3ea6888f15aceb124c4bafd51ec896cc55d73cea6853c01a37ee4b97b6
  languageName: node
  linkType: hard

"@cspell/dict-node@npm:^5.0.8":
  version: 5.0.8
  resolution: "@cspell/dict-node@npm:5.0.8"
  checksum: 10c0/aaca1c73dc9451171716dbbff0e243a4f4bcba7260875b50a582cca5db70415b7cddaf60443814880da59967433b5934b4a830b9dc69c90fa4f9c06b2f2d8063
  languageName: node
  linkType: hard

"@cspell/dict-npm@npm:^5.2.18":
  version: 5.2.19
  resolution: "@cspell/dict-npm@npm:5.2.19"
  checksum: 10c0/866d3a9c1ef95b02e0340e6f97d690540d12eceea03714081ea72d215080258b19815da214d77954063a09ae04758364e58a8199fdad7c2d260a5723c4bd37d1
  languageName: node
  linkType: hard

"@cspell/dict-php@npm:^4.0.15":
  version: 4.0.15
  resolution: "@cspell/dict-php@npm:4.0.15"
  checksum: 10c0/f8d7b1c57f62f6e00326daceb42115881ad8d64cfb0a610ea92419b330ad7651a667c165a6b638165cc165c09f67e2bbce8202b34d771e023d391c85e7829416
  languageName: node
  linkType: hard

"@cspell/dict-powershell@npm:^5.0.15":
  version: 5.0.15
  resolution: "@cspell/dict-powershell@npm:5.0.15"
  checksum: 10c0/be9219dcaaa85ce3c8c51330cab3464b3dc3ea333ef96e98cca16375f80a807ee590f41fc0630e97460292f6a73d4ccb0d7c44b032a7c2fdaa168fe951631797
  languageName: node
  linkType: hard

"@cspell/dict-public-licenses@npm:^2.0.15":
  version: 2.0.15
  resolution: "@cspell/dict-public-licenses@npm:2.0.15"
  checksum: 10c0/ff3f159b00668f0714c0bc8c2492fb72aaedce5464baf0a4c60dd4a3348f9a3d15f7b63e4ed0f6e7124ba552701c14f2d10769cc1a4d593c82c460fbb3bbf84a
  languageName: node
  linkType: hard

"@cspell/dict-python@npm:^4.2.20":
  version: 4.2.21
  resolution: "@cspell/dict-python@npm:4.2.21"
  dependencies:
    "@cspell/dict-data-science": "npm:^2.0.11"
  checksum: 10c0/138818ba2890983d0a96eda2ac659edc459b051f8d89889e3f3b0104c13aa4f02e1848200fe4d952e8b39d05cf179faabf600306e5a7e870146d05fe89fd3131
  languageName: node
  linkType: hard

"@cspell/dict-r@npm:^2.1.1":
  version: 2.1.1
  resolution: "@cspell/dict-r@npm:2.1.1"
  checksum: 10c0/ff36a7f8669dde33e09d824de487bbab584c0105c61c97f38375835664a42566874051891d8ede7ac134bab4bd84c12bd333800d9c548386086ac496a87fd576
  languageName: node
  linkType: hard

"@cspell/dict-ruby@npm:^5.0.9":
  version: 5.0.9
  resolution: "@cspell/dict-ruby@npm:5.0.9"
  checksum: 10c0/7a63495fd12d787de9f4f72f070110b26fc3709394fb19bdcac44354ef886c0ff998ad03b90d0d3b252019d112ef34ebf99c94329070978f7d92fd4642dda4b5
  languageName: node
  linkType: hard

"@cspell/dict-rust@npm:^4.0.12":
  version: 4.0.12
  resolution: "@cspell/dict-rust@npm:4.0.12"
  checksum: 10c0/023f9844e32e6d22aaaf0f23a9744671a66f1d46c47f08efbe7a74e7a6e1e8671a7c394e1fb15d2b840fdbf605c55b693c539b29ad0eb10908c4bd6f7f4b2231
  languageName: node
  linkType: hard

"@cspell/dict-scala@npm:^5.0.8":
  version: 5.0.8
  resolution: "@cspell/dict-scala@npm:5.0.8"
  checksum: 10c0/9ae598e1dbd49554df8e6b22f8590393408690ae644ece4c28ec05c267d11cf90a6f25e088eca5a666e7e56fcd165c20511dd51ec8370a038d8bd485b77e0758
  languageName: node
  linkType: hard

"@cspell/dict-shell@npm:1.1.1, @cspell/dict-shell@npm:^1.1.1":
  version: 1.1.1
  resolution: "@cspell/dict-shell@npm:1.1.1"
  checksum: 10c0/644a230fe9492e29b2b2274a01e546e92e97ab7eaf00714cf6724d9b2166ca237571e1d74c408330af55d574582e1e7b7f82274ce7d3a4eb510ba3641d54f5f2
  languageName: node
  linkType: hard

"@cspell/dict-software-terms@npm:^5.1.9":
  version: 5.1.10
  resolution: "@cspell/dict-software-terms@npm:5.1.10"
  checksum: 10c0/86a4baf21efa88fde78b41d24b7ed75ad100a8fcd517b61d3a886f790b7292bae2fe8d899b003cfa203d22eebccb448cfb9648dd858c9d0b384ceda0f7ec9caa
  languageName: node
  linkType: hard

"@cspell/dict-sql@npm:^2.2.1":
  version: 2.2.1
  resolution: "@cspell/dict-sql@npm:2.2.1"
  checksum: 10c0/0e4e763a81669226cd54888546b0cffb12b66be0f945e97c1ea11638a3e4a074408bafeac10a7cf455781a0e5d55b41f5b0ff6fb0d58ae0b043dc1f37e792d51
  languageName: node
  linkType: hard

"@cspell/dict-svelte@npm:^1.0.7":
  version: 1.0.7
  resolution: "@cspell/dict-svelte@npm:1.0.7"
  checksum: 10c0/08aaf8818c6626bb330359d9682893daade5884105421db6916636a54423f043b706d49a3ad0b07fe05e7751753f9fa8dda1ac6c11662d6f16741c87f30d0c2a
  languageName: node
  linkType: hard

"@cspell/dict-swift@npm:^2.0.6":
  version: 2.0.6
  resolution: "@cspell/dict-swift@npm:2.0.6"
  checksum: 10c0/ef8e5a6a63dd29055fd614a4d29e50b81fb88db166bb239a15279583def70786f6f3eb63e0071f771efe35b94739d22e5d48ccb4542dd0f217b71229f93a6377
  languageName: node
  linkType: hard

"@cspell/dict-terraform@npm:^1.1.3":
  version: 1.1.3
  resolution: "@cspell/dict-terraform@npm:1.1.3"
  checksum: 10c0/3964295ef52ab787d42360c48f312614034181f3b63c9a567a724c07af35872d6e2c96f765f2f9ba87e8a40451961844307459c40e066506b549cd55e1746ece
  languageName: node
  linkType: hard

"@cspell/dict-typescript@npm:^3.2.3":
  version: 3.2.3
  resolution: "@cspell/dict-typescript@npm:3.2.3"
  checksum: 10c0/b4bb34efa2f3ce120cf5a7d4aab4a49ffcb2aaa59c5d81aa5e2550e06d61738399e015c9e1447c1beb9fadbf6b084523be696ae9d5f9d3b63ea6f6189d280316
  languageName: node
  linkType: hard

"@cspell/dict-vue@npm:^3.0.5":
  version: 3.0.5
  resolution: "@cspell/dict-vue@npm:3.0.5"
  checksum: 10c0/da4a1778095c8f56953d1f1934f41369e4e5c9b83e0862cd37782aae875820e8404f8dd3cd4cb2ea5be46370dd1698966f69b50121c75a50b8652414dc26f2cc
  languageName: node
  linkType: hard

"@cspell/dynamic-import@npm:9.2.2":
  version: 9.2.2
  resolution: "@cspell/dynamic-import@npm:9.2.2"
  dependencies:
    "@cspell/url": "npm:9.2.2"
    import-meta-resolve: "npm:^4.2.0"
  checksum: 10c0/333d05e1952e37414af65bdcb0db32afb7c36ab44221bdeebb03ce244e74ea1c4e799fadccae9080397771e08e6fbc353c103439caeb57bd67e6764ddb32b51c
  languageName: node
  linkType: hard

"@cspell/filetypes@npm:9.2.2":
  version: 9.2.2
  resolution: "@cspell/filetypes@npm:9.2.2"
  checksum: 10c0/a9cf71dc6aef40616ed1746536733fd5be9edfeb8bc04f232555b9166f6ed79fc2f4e461bd5c2faf37b4a86fd1c028cb44aff22232bf83fb066975dc5b84c6c1
  languageName: node
  linkType: hard

"@cspell/strong-weak-map@npm:9.2.2":
  version: 9.2.2
  resolution: "@cspell/strong-weak-map@npm:9.2.2"
  checksum: 10c0/a86de960f6542820170c718e55e0f71ab556a0c65c91b62b52c4222f7373a5400ed0ae7e9ad0f061961b7c7cd097986110d5c1f1d1ca5e1b748b9f41c4fd78b9
  languageName: node
  linkType: hard

"@cspell/url@npm:9.2.2":
  version: 9.2.2
  resolution: "@cspell/url@npm:9.2.2"
  checksum: 10c0/b8ccf05781be2ee0c49e9f83bf596a9c972c300036d3ede7afe214d2aac62e44c8a8a3c14405079600a1928f3ce1738a57f18872e7a4f39b5b62ee2907d9f9b9
  languageName: node
  linkType: hard

"@prettier/plugin-ruby@npm:^4.0.4":
  version: 4.0.4
  resolution: "@prettier/plugin-ruby@npm:4.0.4"
  peerDependencies:
    prettier: ^3.0.0
  checksum: 10c0/7567d7f87fe807f7a90fb4eba7a91d25a1843e19de09289412ba0420e25fadea9840085b495c54212249bb418fcd146d53b105c0e4e57990c5235326bd7c6b01
  languageName: node
  linkType: hard

"array-timsort@npm:^1.0.3":
  version: 1.0.3
  resolution: "array-timsort@npm:1.0.3"
  checksum: 10c0/bd3a1707b621947265c89867e67c9102b9b9f4c50f5b3974220112290d8b60d26ce60595edec5deed3325207b759d70b758bed3cd310b5ddadb835657ffb6d12
  languageName: node
  linkType: hard

"callsites@npm:^3.0.0, callsites@npm:^3.1.0":
  version: 3.1.0
  resolution: "callsites@npm:3.1.0"
  checksum: 10c0/fff92277400eb06c3079f9e74f3af120db9f8ea03bad0e84d9aede54bbe2d44a56cccb5f6cf12211f93f52306df87077ecec5b712794c5a9b5dac6d615a3f301
  languageName: node
  linkType: hard

"chalk-template@npm:^1.1.2":
  version: 1.1.2
  resolution: "chalk-template@npm:1.1.2"
  dependencies:
    chalk: "npm:^5.2.0"
  checksum: 10c0/6d29b185c613cb117ae87c67cef80f531ae860ffb798f94dbf46597c3abaf69eb55bea5e57a99713086933c461ccff918bb70c6af491b83b109654da8b2c006f
  languageName: node
  linkType: hard

"chalk@npm:^5.2.0":
  version: 5.3.0
  resolution: "chalk@npm:5.3.0"
  checksum: 10c0/8297d436b2c0f95801103ff2ef67268d362021b8210daf8ddbe349695333eb3610a71122172ff3b0272f1ef2cf7cc2c41fdaa4715f52e49ffe04c56340feed09
  languageName: node
  linkType: hard

"chalk@npm:^5.6.2":
  version: 5.6.2
  resolution: "chalk@npm:5.6.2"
  checksum: 10c0/99a4b0f0e7991796b1e7e3f52dceb9137cae2a9dfc8fc0784a550dc4c558e15ab32ed70b14b21b52beb2679b4892b41a0aa44249bcb996f01e125d58477c6976
  languageName: node
  linkType: hard

"clear-module@npm:^4.1.2":
  version: 4.1.2
  resolution: "clear-module@npm:4.1.2"
  dependencies:
    parent-module: "npm:^2.0.0"
    resolve-from: "npm:^5.0.0"
  checksum: 10c0/73207f06af256e3c8901ceaa74f7e4468a777aa68dedc7f745db4116861a7f8e69c558e16dbdf7b3d2295675d5896f916ba55b5dc737dda81792dbeee1488127
  languageName: node
  linkType: hard

"commander@npm:^14.0.1":
  version: 14.0.2
  resolution: "commander@npm:14.0.2"
  checksum: 10c0/245abd1349dbad5414cb6517b7b5c584895c02c4f7836ff5395f301192b8566f9796c82d7bd6c92d07eba8775fe4df86602fca5d86d8d10bcc2aded1e21c2aeb
  languageName: node
  linkType: hard

"comment-json@npm:^4.4.1":
  version: 4.4.1
  resolution: "comment-json@npm:4.4.1"
  dependencies:
    array-timsort: "npm:^1.0.3"
    core-util-is: "npm:^1.0.3"
    esprima: "npm:^4.0.1"
  checksum: 10c0/be6a197132543a3c286c725af412d582882c1eaf450cb124e4148e7542449f216aa717e7be81989f8b8cfe3e38a6f9bc06d209351b8ea82514cafc8feec11a2d
  languageName: node
  linkType: hard

"core-util-is@npm:^1.0.3":
  version: 1.0.3
  resolution: "core-util-is@npm:1.0.3"
  checksum: 10c0/90a0e40abbddfd7618f8ccd63a74d88deea94e77d0e8dbbea059fa7ebebb8fbb4e2909667fe26f3a467073de1a542ebe6ae4c73a73745ac5833786759cd906c9
  languageName: node
  linkType: hard

"cspell-config-lib@npm:9.2.2":
  version: 9.2.2
  resolution: "cspell-config-lib@npm:9.2.2"
  dependencies:
    "@cspell/cspell-types": "npm:9.2.2"
    comment-json: "npm:^4.4.1"
    smol-toml: "npm:^1.4.2"
    yaml: "npm:^2.8.1"
  checksum: 10c0/9def10264f95767050dd07e6d440fb0b3f2e607c546e5da9e2909e2e1d7fa4136e12a74a345f4ec27b9405ee7971839a729283de76c0da82ab51e7dc022e28ff
  languageName: node
  linkType: hard

"cspell-dictionary@npm:9.2.2":
  version: 9.2.2
  resolution: "cspell-dictionary@npm:9.2.2"
  dependencies:
    "@cspell/cspell-pipe": "npm:9.2.2"
    "@cspell/cspell-types": "npm:9.2.2"
    cspell-trie-lib: "npm:9.2.2"
    fast-equals: "npm:^5.3.2"
  checksum: 10c0/bdb626713208976bf627561c9a79076aaac5cdc60e81109d267c23e11cae1c5894385a85f70644fd0321b9c4ae64419b79beeaf80005996b62e43dd4090d3813
  languageName: node
  linkType: hard

"cspell-gitignore@npm:9.2.2":
  version: 9.2.2
  resolution: "cspell-gitignore@npm:9.2.2"
  dependencies:
    "@cspell/url": "npm:9.2.2"
    cspell-glob: "npm:9.2.2"
    cspell-io: "npm:9.2.2"
  bin:
    cspell-gitignore: bin.mjs
  checksum: 10c0/e58e2645c5011d9e3f68defa557f718057e449a925782d973e3a3af25cd50fbc60af5996fee8261550ec716c55deaf6bbe45a7a5ef5ca5cb52610a84da8b084d
  languageName: node
  linkType: hard

"cspell-glob@npm:9.2.2":
  version: 9.2.2
  resolution: "cspell-glob@npm:9.2.2"
  dependencies:
    "@cspell/url": "npm:9.2.2"
    picomatch: "npm:^4.0.3"
  checksum: 10c0/e4d54b3cb0c463e0b340a78670e66ec53d752de9b6a8a63af3bbba81bb9cb4cb17f4bffc4057a4058532bdceaac043a4ef960b56e28fd04949afb1bea8243609
  languageName: node
  linkType: hard

"cspell-grammar@npm:9.2.2":
  version: 9.2.2
  resolution: "cspell-grammar@npm:9.2.2"
  dependencies:
    "@cspell/cspell-pipe": "npm:9.2.2"
    "@cspell/cspell-types": "npm:9.2.2"
  bin:
    cspell-grammar: bin.mjs
  checksum: 10c0/61ea28a1d5152aaebec76bb71773fbc866a638c78590b99377fa8f03cba225b843d0ce6338c1e3827d29b7b488324c4d6b18bb5ea7dd75513b34e83506363592
  languageName: node
  linkType: hard

"cspell-io@npm:9.2.2":
  version: 9.2.2
  resolution: "cspell-io@npm:9.2.2"
  dependencies:
    "@cspell/cspell-service-bus": "npm:9.2.2"
    "@cspell/url": "npm:9.2.2"
  checksum: 10c0/6295b2e5ab9f54bd284ae545b559446ea29de7c570aca4937716a8a0b7c501a2f4fba4856c7e89c89ac38df4628f79a1c4e9e88963fbdc3f044171030c43d3a3
  languageName: node
  linkType: hard

"cspell-lib@npm:9.2.2":
  version: 9.2.2
  resolution: "cspell-lib@npm:9.2.2"
  dependencies:
    "@cspell/cspell-bundled-dicts": "npm:9.2.2"
    "@cspell/cspell-pipe": "npm:9.2.2"
    "@cspell/cspell-resolver": "npm:9.2.2"
    "@cspell/cspell-types": "npm:9.2.2"
    "@cspell/dynamic-import": "npm:9.2.2"
    "@cspell/filetypes": "npm:9.2.2"
    "@cspell/strong-weak-map": "npm:9.2.2"
    "@cspell/url": "npm:9.2.2"
    clear-module: "npm:^4.1.2"
    cspell-config-lib: "npm:9.2.2"
    cspell-dictionary: "npm:9.2.2"
    cspell-glob: "npm:9.2.2"
    cspell-grammar: "npm:9.2.2"
    cspell-io: "npm:9.2.2"
    cspell-trie-lib: "npm:9.2.2"
    env-paths: "npm:^3.0.0"
    gensequence: "npm:^7.0.0"
    import-fresh: "npm:^3.3.1"
    resolve-from: "npm:^5.0.0"
    vscode-languageserver-textdocument: "npm:^1.0.12"
    vscode-uri: "npm:^3.1.0"
    xdg-basedir: "npm:^5.1.0"
  checksum: 10c0/60e1087b26a30b69c3fa3cb09dffc108c0a9747031eab2660618449f6f97a59511b9d696a90f7b9765dfa08f5e2e25739b4f6a6b162fada942f822a1f0cea5e6
  languageName: node
  linkType: hard

"cspell-trie-lib@npm:9.2.2":
  version: 9.2.2
  resolution: "cspell-trie-lib@npm:9.2.2"
  dependencies:
    "@cspell/cspell-pipe": "npm:9.2.2"
    "@cspell/cspell-types": "npm:9.2.2"
    gensequence: "npm:^7.0.0"
  checksum: 10c0/4a888e5fad40113bc9198810740e18f0febdbc06fa9cfe5478cc75f6111f3ba8a03faa2cb8e3fe7da5d2889716e5307ff169a01b150257bd50d17bb694dceae3
  languageName: node
  linkType: hard

"cspell@npm:^9.2.2":
  version: 9.2.2
  resolution: "cspell@npm:9.2.2"
  dependencies:
    "@cspell/cspell-json-reporter": "npm:9.2.2"
    "@cspell/cspell-pipe": "npm:9.2.2"
    "@cspell/cspell-types": "npm:9.2.2"
    "@cspell/dynamic-import": "npm:9.2.2"
    "@cspell/url": "npm:9.2.2"
    chalk: "npm:^5.6.2"
    chalk-template: "npm:^1.1.2"
    commander: "npm:^14.0.1"
    cspell-config-lib: "npm:9.2.2"
    cspell-dictionary: "npm:9.2.2"
    cspell-gitignore: "npm:9.2.2"
    cspell-glob: "npm:9.2.2"
    cspell-io: "npm:9.2.2"
    cspell-lib: "npm:9.2.2"
    fast-json-stable-stringify: "npm:^2.1.0"
    flatted: "npm:^3.3.3"
    semver: "npm:^7.7.3"
    tinyglobby: "npm:^0.2.15"
  bin:
    cspell: bin.mjs
    cspell-esm: bin.mjs
  checksum: 10c0/7c6de2a211098bee8cae4ff3c448b5ada89c496c7a2dac21455f4b099b59dd8c1593dda655b0f53605e7d128a1b6e906096c0849a6f281491413b5434f86b48d
  languageName: node
  linkType: hard

"env-paths@npm:^3.0.0":
  version: 3.0.0
  resolution: "env-paths@npm:3.0.0"
  checksum: 10c0/76dec878cee47f841103bacd7fae03283af16f0702dad65102ef0a556f310b98a377885e0f32943831eb08b5ab37842a323d02529f3dfd5d0a40ca71b01b435f
  languageName: node
  linkType: hard

"esprima@npm:^4.0.1":
  version: 4.0.1
  resolution: "esprima@npm:4.0.1"
  bin:
    esparse: ./bin/esparse.js
    esvalidate: ./bin/esvalidate.js
  checksum: 10c0/ad4bab9ead0808cf56501750fd9d3fb276f6b105f987707d059005d57e182d18a7c9ec7f3a01794ebddcca676773e42ca48a32d67a250c9d35e009ca613caba3
  languageName: node
  linkType: hard

"fast-equals@npm:^5.3.2":
  version: 5.3.2
  resolution: "fast-equals@npm:5.3.2"
  checksum: 10c0/babadb98fb93c693ee3c8eecbc980ed52fa7be7508eca9b68d8c899bc48e2e47af6d30160187358f7987e54440b6fd21ecd3c6e48ebeb15e1875d6a2ac7e1421
  languageName: node
  linkType: hard

"fast-json-stable-stringify@npm:^2.1.0":
  version: 2.1.0
  resolution: "fast-json-stable-stringify@npm:2.1.0"
  checksum: 10c0/7f081eb0b8a64e0057b3bb03f974b3ef00135fbf36c1c710895cd9300f13c94ba809bb3a81cf4e1b03f6e5285610a61abbd7602d0652de423144dfee5a389c9b
  languageName: node
  linkType: hard

"fdir@npm:^6.5.0":
  version: 6.5.0
  resolution: "fdir@npm:6.5.0"
  peerDependencies:
    picomatch: ^3 || ^4
  peerDependenciesMeta:
    picomatch:
      optional: true
  checksum: 10c0/e345083c4306b3aed6cb8ec551e26c36bab5c511e99ea4576a16750ddc8d3240e63826cc624f5ae17ad4dc82e68a253213b60d556c11bfad064b7607847ed07f
  languageName: node
  linkType: hard

"flatted@npm:^3.3.3":
  version: 3.3.3
  resolution: "flatted@npm:3.3.3"
  checksum: 10c0/e957a1c6b0254aa15b8cce8533e24165abd98fadc98575db082b786b5da1b7d72062b81bfdcd1da2f4d46b6ed93bec2434e62333e9b4261d79ef2e75a10dd538
  languageName: node
  linkType: hard

"gensequence@npm:^7.0.0":
  version: 7.0.0
  resolution: "gensequence@npm:7.0.0"
  checksum: 10c0/d446772a795d8a50d70d87e87b827591ccd599c267acce9c2e1f17e4df6c04e6d47661b2ddf5d0144d026c1e3ac71eca917c171e594c3daf6a87aeabbe1d7a3d
  languageName: node
  linkType: hard

"global-directory@npm:^4.0.1":
  version: 4.0.1
  resolution: "global-directory@npm:4.0.1"
  dependencies:
    ini: "npm:4.1.1"
  checksum: 10c0/f9cbeef41db4876f94dd0bac1c1b4282a7de9c16350ecaaf83e7b2dd777b32704cc25beeb1170b5a63c42a2c9abfade74d46357fe0133e933218bc89e613d4b2
  languageName: node
  linkType: hard

"import-fresh@npm:^3.3.1":
  version: 3.3.1
  resolution: "import-fresh@npm:3.3.1"
  dependencies:
    parent-module: "npm:^1.0.0"
    resolve-from: "npm:^4.0.0"
  checksum: 10c0/bf8cc494872fef783249709385ae883b447e3eb09db0ebd15dcead7d9afe7224dad7bd7591c6b73b0b19b3c0f9640eb8ee884f01cfaf2887ab995b0b36a0cbec
  languageName: node
  linkType: hard

"import-meta-resolve@npm:^4.2.0":
  version: 4.2.0
  resolution: "import-meta-resolve@npm:4.2.0"
  checksum: 10c0/3ee8aeecb61d19b49d2703987f977e9d1c7d4ba47db615a570eaa02fe414f40dfa63f7b953e842cbe8470d26df6371332bfcf21b2fd92b0112f9fea80dde2c4c
  languageName: node
  linkType: hard

"ini@npm:4.1.1":
  version: 4.1.1
  resolution: "ini@npm:4.1.1"
  checksum: 10c0/7fddc8dfd3e63567d4fdd5d999d1bf8a8487f1479d0b34a1d01f28d391a9228d261e19abc38e1a6a1ceb3400c727204fce05725d5eb598dfcf2077a1e3afe211
  languageName: node
  linkType: hard

"open-meteo-ruby@workspace:.":
  version: 0.0.0-use.local
  resolution: "open-meteo-ruby@workspace:."
  dependencies:
    "@prettier/plugin-ruby": "npm:^4.0.4"
    cspell: "npm:^9.2.2"
    prettier: "npm:^3.6.2"
  languageName: unknown
  linkType: soft

"parent-module@npm:^1.0.0":
  version: 1.0.1
  resolution: "parent-module@npm:1.0.1"
  dependencies:
    callsites: "npm:^3.0.0"
  checksum: 10c0/c63d6e80000d4babd11978e0d3fee386ca7752a02b035fd2435960ffaa7219dc42146f07069fb65e6e8bf1caef89daf9af7535a39bddf354d78bf50d8294f556
  languageName: node
  linkType: hard

"parent-module@npm:^2.0.0":
  version: 2.0.0
  resolution: "parent-module@npm:2.0.0"
  dependencies:
    callsites: "npm:^3.1.0"
  checksum: 10c0/e4c5e34102c709df1932e1065dee53764fbd869f5a673beb8c3b4bcbbd4a7be16e3595f8846b24f52a77b9e96d8d499e68736ec690b108e55d95a5315f41e073
  languageName: node
  linkType: hard

"picomatch@npm:^4.0.3":
  version: 4.0.3
  resolution: "picomatch@npm:4.0.3"
  checksum: 10c0/9582c951e95eebee5434f59e426cddd228a7b97a0161a375aed4be244bd3fe8e3a31b846808ea14ef2c8a2527a6eeab7b3946a67d5979e81694654f939473ae2
  languageName: node
  linkType: hard

"prettier@npm:^3.6.2":
  version: 3.6.2
  resolution: "prettier@npm:3.6.2"
  bin:
    prettier: bin/prettier.cjs
  checksum: 10c0/488cb2f2b99ec13da1e50074912870217c11edaddedeadc649b1244c749d15ba94e846423d062e2c4c9ae683e2d65f754de28889ba06e697ac4f988d44f45812
  languageName: node
  linkType: hard

"resolve-from@npm:^4.0.0":
  version: 4.0.0
  resolution: "resolve-from@npm:4.0.0"
  checksum: 10c0/8408eec31a3112ef96e3746c37be7d64020cda07c03a920f5024e77290a218ea758b26ca9529fd7b1ad283947f34b2291c1c0f6aa0ed34acfdda9c6014c8d190
  languageName: node
  linkType: hard

"resolve-from@npm:^5.0.0":
  version: 5.0.0
  resolution: "resolve-from@npm:5.0.0"
  checksum: 10c0/b21cb7f1fb746de8107b9febab60095187781137fd803e6a59a76d421444b1531b641bba5857f5dc011974d8a5c635d61cec49e6bd3b7fc20e01f0fafc4efbf2
  languageName: node
  linkType: hard

"semver@npm:^7.7.3":
  version: 7.7.3
  resolution: "semver@npm:7.7.3"
  bin:
    semver: bin/semver.js
  checksum: 10c0/4afe5c986567db82f44c8c6faef8fe9df2a9b1d98098fc1721f57c696c4c21cebd572f297fc21002f81889492345b8470473bc6f4aff5fb032a6ea59ea2bc45e
  languageName: node
  linkType: hard

"smol-toml@npm:^1.4.2":
  version: 1.4.2
  resolution: "smol-toml@npm:1.4.2"
  checksum: 10c0/e01e5f249b1ad852d09aa22f338a6cb3896ac35c92bf0d35744ce1b1e2f4b67901d4a0e886027617a2a8aa9f1a6c67c919c41b544c4aec137b6ebe042ca10d36
  languageName: node
  linkType: hard

"tinyglobby@npm:^0.2.15":
  version: 0.2.15
  resolution: "tinyglobby@npm:0.2.15"
  dependencies:
    fdir: "npm:^6.5.0"
    picomatch: "npm:^4.0.3"
  checksum: 10c0/869c31490d0d88eedb8305d178d4c75e7463e820df5a9b9d388291daf93e8b1eb5de1dad1c1e139767e4269fe75f3b10d5009b2cc14db96ff98986920a186844
  languageName: node
  linkType: hard

"vscode-languageserver-textdocument@npm:^1.0.12":
  version: 1.0.12
  resolution: "vscode-languageserver-textdocument@npm:1.0.12"
  checksum: 10c0/534349894b059602c4d97615a1147b6c4c031141c2093e59657f54e38570f5989c21b376836f13b9375419869242e9efb4066643208b21ab1e1dee111a0f00fb
  languageName: node
  linkType: hard

"vscode-uri@npm:^3.1.0":
  version: 3.1.0
  resolution: "vscode-uri@npm:3.1.0"
  checksum: 10c0/5f6c9c10fd9b1664d71fab4e9fbbae6be93c7f75bb3a1d9d74399a88ab8649e99691223fd7cef4644376cac6e94fa2c086d802521b9a8e31c5af3e60f0f35624
  languageName: node
  linkType: hard

"xdg-basedir@npm:^5.1.0":
  version: 5.1.0
  resolution: "xdg-basedir@npm:5.1.0"
  checksum: 10c0/c88efabc71ffd996ba9ad8923a8cc1c7c020a03e2c59f0ffa72e06be9e724ad2a0fccef488757bc6ed3d8849d753dd25082d1035d95cb179e79eae4d034d0b80
  languageName: node
  linkType: hard

"yaml@npm:^2.8.1":
  version: 2.8.1
  resolution: "yaml@npm:2.8.1"
  bin:
    yaml: bin.mjs
  checksum: 10c0/7c587be00d9303d2ae1566e03bc5bc7fe978ba0d9bf39cc418c3139d37929dfcb93a230d9749f2cb578b6aa5d9ebebc322415e4b653cb83acd8bc0bc321707f3
  languageName: node
  linkType: hard
