# This file is generated by running "yarn install" inside your project.
# Manual changes might be lost - proceed with caution!

__metadata:
  version: 8
  cacheKey: 10c0

"@cspell/cspell-bundled-dicts@npm:9.1.1":
  version: 9.1.1
  resolution: "@cspell/cspell-bundled-dicts@npm:9.1.1"
  dependencies:
    "@cspell/dict-ada": "npm:^4.1.0"
    "@cspell/dict-al": "npm:^1.1.0"
    "@cspell/dict-aws": "npm:^4.0.10"
    "@cspell/dict-bash": "npm:^4.2.0"
    "@cspell/dict-companies": "npm:^3.2.1"
    "@cspell/dict-cpp": "npm:^6.0.8"
    "@cspell/dict-cryptocurrencies": "npm:^5.0.4"
    "@cspell/dict-csharp": "npm:^4.0.6"
    "@cspell/dict-css": "npm:^4.0.17"
    "@cspell/dict-dart": "npm:^2.3.0"
    "@cspell/dict-data-science": "npm:^2.0.8"
    "@cspell/dict-django": "npm:^4.1.4"
    "@cspell/dict-docker": "npm:^1.1.14"
    "@cspell/dict-dotnet": "npm:^5.0.9"
    "@cspell/dict-elixir": "npm:^4.0.7"
    "@cspell/dict-en-common-misspellings": "npm:^2.1.1"
    "@cspell/dict-en-gb-mit": "npm:^3.1.1"
    "@cspell/dict-en_us": "npm:^4.4.11"
    "@cspell/dict-filetypes": "npm:^3.0.12"
    "@cspell/dict-flutter": "npm:^1.1.0"
    "@cspell/dict-fonts": "npm:^4.0.4"
    "@cspell/dict-fsharp": "npm:^1.1.0"
    "@cspell/dict-fullstack": "npm:^3.2.6"
    "@cspell/dict-gaming-terms": "npm:^1.1.1"
    "@cspell/dict-git": "npm:^3.0.6"
    "@cspell/dict-golang": "npm:^6.0.22"
    "@cspell/dict-google": "npm:^1.0.8"
    "@cspell/dict-haskell": "npm:^4.0.5"
    "@cspell/dict-html": "npm:^4.0.11"
    "@cspell/dict-html-symbol-entities": "npm:^4.0.3"
    "@cspell/dict-java": "npm:^5.0.11"
    "@cspell/dict-julia": "npm:^1.1.0"
    "@cspell/dict-k8s": "npm:^1.0.11"
    "@cspell/dict-kotlin": "npm:^1.1.0"
    "@cspell/dict-latex": "npm:^4.0.3"
    "@cspell/dict-lorem-ipsum": "npm:^4.0.4"
    "@cspell/dict-lua": "npm:^4.0.7"
    "@cspell/dict-makefile": "npm:^1.0.4"
    "@cspell/dict-markdown": "npm:^2.0.11"
    "@cspell/dict-monkeyc": "npm:^1.0.10"
    "@cspell/dict-node": "npm:^5.0.7"
    "@cspell/dict-npm": "npm:^5.2.6"
    "@cspell/dict-php": "npm:^4.0.14"
    "@cspell/dict-powershell": "npm:^5.0.14"
    "@cspell/dict-public-licenses": "npm:^2.0.13"
    "@cspell/dict-python": "npm:^4.2.18"
    "@cspell/dict-r": "npm:^2.1.0"
    "@cspell/dict-ruby": "npm:^5.0.8"
    "@cspell/dict-rust": "npm:^4.0.11"
    "@cspell/dict-scala": "npm:^5.0.7"
    "@cspell/dict-shell": "npm:^1.1.0"
    "@cspell/dict-software-terms": "npm:^5.1.0"
    "@cspell/dict-sql": "npm:^2.2.0"
    "@cspell/dict-svelte": "npm:^1.0.6"
    "@cspell/dict-swift": "npm:^2.0.5"
    "@cspell/dict-terraform": "npm:^1.1.1"
    "@cspell/dict-typescript": "npm:^3.2.2"
    "@cspell/dict-vue": "npm:^3.0.4"
  checksum: 10c0/9a4cd84e93718f51a5ee9e9f3ad48557106a2904959547f22119100132dd4462daf215b4c7be7d270a21188daf2416605764c4dc421100e8c1f92300ea3680ac
  languageName: node
  linkType: hard

"@cspell/cspell-json-reporter@npm:9.1.1":
  version: 9.1.1
  resolution: "@cspell/cspell-json-reporter@npm:9.1.1"
  dependencies:
    "@cspell/cspell-types": "npm:9.1.1"
  checksum: 10c0/21730c5aed6d56d5fcbbe5b327d358f124fd88d720d29a27e8348277cd32d8628c3cbe6af93af4ff2aa87de15b44bd301100111cda70e678d8ca65f7136520c2
  languageName: node
  linkType: hard

"@cspell/cspell-pipe@npm:9.1.1":
  version: 9.1.1
  resolution: "@cspell/cspell-pipe@npm:9.1.1"
  checksum: 10c0/75b09a2e29deddc77315d808c62f62f61e113c5aa41892823b55cabe90827057d958039a4180296060054bfefcb8e01cda675c3bc6c9302189ef8951d3004337
  languageName: node
  linkType: hard

"@cspell/cspell-resolver@npm:9.1.1":
  version: 9.1.1
  resolution: "@cspell/cspell-resolver@npm:9.1.1"
  dependencies:
    global-directory: "npm:^4.0.1"
  checksum: 10c0/52d12e0e5e2365ea0e225c048846e9f00702654aaf6539f8e9ebad8b7a113f54024cac4324580c7c70d6c653449b0729a8b97713417b6dc85ac61b1a2e1fda11
  languageName: node
  linkType: hard

"@cspell/cspell-service-bus@npm:9.1.1":
  version: 9.1.1
  resolution: "@cspell/cspell-service-bus@npm:9.1.1"
  checksum: 10c0/2eb2b9661e54a5d9a4ad82c78b0a5cfb6826dc06b596ee930a01ea55eeff95a9b2297a9585568363f3fe674ee27241cf97f84839ddb62c6d725c0b593aed29aa
  languageName: node
  linkType: hard

"@cspell/cspell-types@npm:9.1.1":
  version: 9.1.1
  resolution: "@cspell/cspell-types@npm:9.1.1"
  checksum: 10c0/9fb40e5286f471919fe7a141ec2bef897f08aadefcc936dd31a5daa6f05f337930fd537f7432ea7afedb97e9d3ad76477ecb126b1c6304946373b12527a59cca
  languageName: node
  linkType: hard

"@cspell/dict-ada@npm:^4.1.0":
  version: 4.1.0
  resolution: "@cspell/dict-ada@npm:4.1.0"
  checksum: 10c0/1600b1fc4f033f41edf07d18ee71232d9b6ae654dc4256ce759ae663186e1e2f6fbbc605508d11ee756d909e53a0e2dfcf1171371333de06094f709ee9172af7
  languageName: node
  linkType: hard

"@cspell/dict-al@npm:^1.1.0":
  version: 1.1.0
  resolution: "@cspell/dict-al@npm:1.1.0"
  checksum: 10c0/448be78bf11a3775e766122efcf322f6cebe689f2a2e9c7bb83e7745c666b80ef6411806552a66af4112a95ae007d3b342874e69d3d280173839cc55df295ea5
  languageName: node
  linkType: hard

"@cspell/dict-aws@npm:^4.0.10":
  version: 4.0.10
  resolution: "@cspell/dict-aws@npm:4.0.10"
  checksum: 10c0/938d8bbd9960f152aea5cb2712fdd644d734acfda9f72aaf490ccdce6dd016dc5a4d2a38e37d8a13234e69346e6b1a74178fb4ae3d9525c4e64656c1d90fe057
  languageName: node
  linkType: hard

"@cspell/dict-bash@npm:^4.2.0":
  version: 4.2.0
  resolution: "@cspell/dict-bash@npm:4.2.0"
  dependencies:
    "@cspell/dict-shell": "npm:1.1.0"
  checksum: 10c0/9fa084d80f64fa706e87e1ad1db459433a5d0ba4a7c850de9f165b7a50f24410e447589b3374b53ca4da6397ee13c8c0205ff4bc5083d9c25a32e69b3bd2fe8b
  languageName: node
  linkType: hard

"@cspell/dict-companies@npm:^3.2.1":
  version: 3.2.1
  resolution: "@cspell/dict-companies@npm:3.2.1"
  checksum: 10c0/8e98d9321277a1e05b88a95f3ac2c421568c2806a5319177b8a998316dedd888d063793135f57b73f1b88d636bbbe45e43249574804c1a42913f8fbd252263b2
  languageName: node
  linkType: hard

"@cspell/dict-cpp@npm:^6.0.8":
  version: 6.0.8
  resolution: "@cspell/dict-cpp@npm:6.0.8"
  checksum: 10c0/8388be63c7db452c556af908951b91bb141e3320d640a967d90c847a5ba6e09b41356772d842b586074b4ec1beb8049b9abd56a8fe9037650b2ddd9b28f6724c
  languageName: node
  linkType: hard

"@cspell/dict-cryptocurrencies@npm:^5.0.4":
  version: 5.0.4
  resolution: "@cspell/dict-cryptocurrencies@npm:5.0.4"
  checksum: 10c0/f9bf46de9efc543f7270f46ec424151aa297c0e3d969f7f350eaa9f1e6ad0a7eecb668ceeb53c23c5dd54fc49277dbbaa96d476b71515f72b246cbd0c2569b4d
  languageName: node
  linkType: hard

"@cspell/dict-csharp@npm:^4.0.6":
  version: 4.0.6
  resolution: "@cspell/dict-csharp@npm:4.0.6"
  checksum: 10c0/d10ceb009e6a2b838d5ba5b035124bc1e02cf0e3eff10631b814ae8e4c1de7f7b35d60f3509f4b6b81a59e86bf1fdd0dee925191811825f7e1454d080cf3ebba
  languageName: node
  linkType: hard

"@cspell/dict-css@npm:^4.0.17":
  version: 4.0.17
  resolution: "@cspell/dict-css@npm:4.0.17"
  checksum: 10c0/87ceb92f3a65b0b4089e2150abb86431d09ad27f4a00af233c01c799d9786495ae66ea8b1a7f089a923ad5fb6efcdbf92227a6728b0b826a76fa03a24c379a7c
  languageName: node
  linkType: hard

"@cspell/dict-dart@npm:^2.3.0":
  version: 2.3.0
  resolution: "@cspell/dict-dart@npm:2.3.0"
  checksum: 10c0/493ac7de691fd93596014168f3def8253dd4e97a139ba60715c4368ef5183df5a75c2bb04ba63f2d791686bf5a6d91005237e5ed96636959e77e5a7e79e0999e
  languageName: node
  linkType: hard

"@cspell/dict-data-science@npm:^2.0.8":
  version: 2.0.8
  resolution: "@cspell/dict-data-science@npm:2.0.8"
  checksum: 10c0/fd93eea55bab6d418f6e36a0dd2fd28ea7ec15598139086dcf6d664e0fae5c3235f5ec71c2d2449315e58bd23b153aa0bbd84d894ecfbf2e619d8f93c2e3614f
  languageName: node
  linkType: hard

"@cspell/dict-django@npm:^4.1.4":
  version: 4.1.4
  resolution: "@cspell/dict-django@npm:4.1.4"
  checksum: 10c0/bf55dc7aaf575d4cb50f48a9fd6b5619ae23a8f6c741197a8a4942fbc4188280d5fdd614b07a659d6828ca7004f2707101ed268ac48cc41e606cf9694bad9523
  languageName: node
  linkType: hard

"@cspell/dict-docker@npm:^1.1.14":
  version: 1.1.14
  resolution: "@cspell/dict-docker@npm:1.1.14"
  checksum: 10c0/cf929524dff283db90a1c8e4a6363ccbbed9d49c41d33038ca98cacca7a159e960798224b23433e008d842cc091069b23aa4de915ef1278fc023efc2a38079bd
  languageName: node
  linkType: hard

"@cspell/dict-dotnet@npm:^5.0.9":
  version: 5.0.9
  resolution: "@cspell/dict-dotnet@npm:5.0.9"
  checksum: 10c0/ac30f0a8d4e3f9c1468060e1d6cbe09ff4c60046c01ef665539996fdb62ca794bc1fbee75347c1d50e11e82782b9eeeadb175ab4e8746501ed561400d611d3a8
  languageName: node
  linkType: hard

"@cspell/dict-elixir@npm:^4.0.7":
  version: 4.0.7
  resolution: "@cspell/dict-elixir@npm:4.0.7"
  checksum: 10c0/c65521e34aa4d7eb6ed4cb1bb86033dfd98d7d40715846d8d987801ce392ac96f1f4280a8e8be166fa6918660441c140e80b37799734393a3e4572a36b1975f9
  languageName: node
  linkType: hard

"@cspell/dict-en-common-misspellings@npm:^2.1.1":
  version: 2.1.1
  resolution: "@cspell/dict-en-common-misspellings@npm:2.1.1"
  checksum: 10c0/0648c70ce45d4f15f8858605f0a33973b7cfd7031e4c1db3b7855cfcfebfd7857e01701ad0f9880974533597488786e6d9e9962bf4553f3741a41b6b96081268
  languageName: node
  linkType: hard

"@cspell/dict-en-gb-mit@npm:^3.1.1":
  version: 3.1.1
  resolution: "@cspell/dict-en-gb-mit@npm:3.1.1"
  checksum: 10c0/cbb379e0013911cdd7caea6a46e0b2d1081da8ac9ea56d805d55e96f29cfb0a5e9e355b1c64ca1546d8f2a10a7c1f5a7372097bdcd97a8583b55f076a094e9d8
  languageName: node
  linkType: hard

"@cspell/dict-en_us@npm:^4.4.11":
  version: 4.4.11
  resolution: "@cspell/dict-en_us@npm:4.4.11"
  checksum: 10c0/6e26e65ff10102ad1c65d1d7d8e20ec879a65e62bdbf72fd90edccb343ece122720c16b65bd5eebd49e58c689aa67058f11eccd1cdce0f4ca952b2366ac52e71
  languageName: node
  linkType: hard

"@cspell/dict-filetypes@npm:^3.0.12":
  version: 3.0.12
  resolution: "@cspell/dict-filetypes@npm:3.0.12"
  checksum: 10c0/9674c3e8a7ec52654ba01c691d9817479690efbe796c5b6cc30ba51ce68d6a6f7da68c8be2a385964007328db8d1c65d30d7a876c12382f726faa35fe29c6a74
  languageName: node
  linkType: hard

"@cspell/dict-flutter@npm:^1.1.0":
  version: 1.1.0
  resolution: "@cspell/dict-flutter@npm:1.1.0"
  checksum: 10c0/b72e82a7bdd76b7383f227eaf8714b940406bdcd39d63fcd576ae9cbd80b7c579fe7a11a07c92200550a6e9583e18a4b45501b80684f02f8da5731d8af154974
  languageName: node
  linkType: hard

"@cspell/dict-fonts@npm:^4.0.4":
  version: 4.0.4
  resolution: "@cspell/dict-fonts@npm:4.0.4"
  checksum: 10c0/589c680baf00cf41153ff9e9a3e6d948ca4d451f7626edbfce6ee5c3f4dd60ea293c0d8f9f442f000730c2f064b8013425735de25267c406e11a10e94809696a
  languageName: node
  linkType: hard

"@cspell/dict-fsharp@npm:^1.1.0":
  version: 1.1.0
  resolution: "@cspell/dict-fsharp@npm:1.1.0"
  checksum: 10c0/78d994fe596db26f7ca7465e39f0924661c83fbadcd107d2f1f4148de76ef4054dd54d41c8dc128804130573f16285569f88f7ca1f1d17f156e97089e937d533
  languageName: node
  linkType: hard

"@cspell/dict-fullstack@npm:^3.2.6":
  version: 3.2.6
  resolution: "@cspell/dict-fullstack@npm:3.2.6"
  checksum: 10c0/bf3482a116586a4d45881ec5e9264f396e1fb2426b172901d799baa6533f6aa19055f8b2f651546272b7bdd73f0223d2a723c3ce0e3df1cb398fe37a9161df5c
  languageName: node
  linkType: hard

"@cspell/dict-gaming-terms@npm:^1.1.1":
  version: 1.1.1
  resolution: "@cspell/dict-gaming-terms@npm:1.1.1"
  checksum: 10c0/93ee860370074503732750dbcaf6fb6c030a1518e694b3c77597c9956b0f594a66a583fed22392fbfa1f1ca244e16fbd31cd5734c509ce3bfbe583177b5ba5b4
  languageName: node
  linkType: hard

"@cspell/dict-git@npm:^3.0.6":
  version: 3.0.6
  resolution: "@cspell/dict-git@npm:3.0.6"
  checksum: 10c0/bf9c5a2e103f45a9063795e6a0a5201fddd99104d7612c071d7f20f82500a256f4ed0911bd1cbf4064ab2320617058471c601d7cbe7cab4a86e2c9d8c5ce365a
  languageName: node
  linkType: hard

"@cspell/dict-golang@npm:^6.0.22":
  version: 6.0.22
  resolution: "@cspell/dict-golang@npm:6.0.22"
  checksum: 10c0/b9d44b9a913f27015863814a9a5ceb6a24234893fa134f2ab6de41fcc284ad054486e436ed1b6b6c6773e5b0d2ceccbbbb4d0f0dcb0f3df718612fb113ddbd38
  languageName: node
  linkType: hard

"@cspell/dict-google@npm:^1.0.8":
  version: 1.0.8
  resolution: "@cspell/dict-google@npm:1.0.8"
  checksum: 10c0/89385531361d1b00da54c2cade3e29442b6ba7baa2f5a4922b628ee79fb97c860319480061dd01a5a99b527514cad0594699c15a57bdf6c4c17c783aa257a0ab
  languageName: node
  linkType: hard

"@cspell/dict-haskell@npm:^4.0.5":
  version: 4.0.5
  resolution: "@cspell/dict-haskell@npm:4.0.5"
  checksum: 10c0/a2d8cf98c208ecc5733c888037c9366d26f37ff8c7ed46756ad4d8651efe69a5d98447c0bf859cb3660b1c541ab1f8b4b0650591c327ff07a10c9d458b9be24a
  languageName: node
  linkType: hard

"@cspell/dict-html-symbol-entities@npm:^4.0.3":
  version: 4.0.3
  resolution: "@cspell/dict-html-symbol-entities@npm:4.0.3"
  checksum: 10c0/d7fbffb484b4d826890c873792ac383892ed2013c6e7436fc1223a181ef3b11bf98d33f2faa50dba1461853eebf6006451ff853caf8fa1948dca4f228b9248ca
  languageName: node
  linkType: hard

"@cspell/dict-html@npm:^4.0.11":
  version: 4.0.11
  resolution: "@cspell/dict-html@npm:4.0.11"
  checksum: 10c0/6bb7751cae019a2dd2df8660f2b220078cbf7cdbbb3e7bf647428295f7483c1efce31f04a3ea459da5c6b6d22f87c0b5fc77f5a14f3ed17aa382c25f1483f9ad
  languageName: node
  linkType: hard

"@cspell/dict-java@npm:^5.0.11":
  version: 5.0.11
  resolution: "@cspell/dict-java@npm:5.0.11"
  checksum: 10c0/167ad55bec88ad9986d39fc483e20c0af64ffc5127bff42114ede20c8f90dc26074ee680266a8d09517a83c37bf50b2f0f5581ada870326ae2212c0c8caabb40
  languageName: node
  linkType: hard

"@cspell/dict-julia@npm:^1.1.0":
  version: 1.1.0
  resolution: "@cspell/dict-julia@npm:1.1.0"
  checksum: 10c0/851cc5d4e6f15f7b15fad6b601ae4a67158a9522e5dbdf675fddcd20255d0e89ff265a740a0c05a37c80d7aadfd0e9027de2b81b9d8d698ccdb5fdf26dcf1f89
  languageName: node
  linkType: hard

"@cspell/dict-k8s@npm:^1.0.11":
  version: 1.0.11
  resolution: "@cspell/dict-k8s@npm:1.0.11"
  checksum: 10c0/5e63f0cc2ac9b474072b952bd7d5d1db84d7eb377123eb8789c76ecf2a1abb703f6c5fe597d87fea7c9c4349c4f52c04d40bff07ffc2a68e802083014f772046
  languageName: node
  linkType: hard

"@cspell/dict-kotlin@npm:^1.1.0":
  version: 1.1.0
  resolution: "@cspell/dict-kotlin@npm:1.1.0"
  checksum: 10c0/39e5c979d63958a06e2bfd89aa0a7f70217aac3a847603a5516395290d7c877ccb600cc5270e83edb25251106980592000dee5fb6700812c27ee6c61d281952f
  languageName: node
  linkType: hard

"@cspell/dict-latex@npm:^4.0.3":
  version: 4.0.3
  resolution: "@cspell/dict-latex@npm:4.0.3"
  checksum: 10c0/bba028fb61a38e48615f865f7cbeab4bf9d84f3305cb9828321b4d2ed2b592555a30aef0db9188273acabc0c88d7e8c04e72a30b2364c3c7c6fbf3b0fbc4a6ec
  languageName: node
  linkType: hard

"@cspell/dict-lorem-ipsum@npm:^4.0.4":
  version: 4.0.4
  resolution: "@cspell/dict-lorem-ipsum@npm:4.0.4"
  checksum: 10c0/a8f734acdab01f4171a38b079a2509fb27ceafef347ff02464e32211bf6877655f79ca411a681e415bb1b0a3feb524f00f3397734e945ada368179fe9080834a
  languageName: node
  linkType: hard

"@cspell/dict-lua@npm:^4.0.7":
  version: 4.0.7
  resolution: "@cspell/dict-lua@npm:4.0.7"
  checksum: 10c0/4f6ea6d098f44a7bb5c87326ddb7f6e6e2e728f04445baef0c7d217c7399cea566a2b16e58724c8ed7ccf7dabdb1218c318330013ffa43f71782c288287855ca
  languageName: node
  linkType: hard

"@cspell/dict-makefile@npm:^1.0.4":
  version: 1.0.4
  resolution: "@cspell/dict-makefile@npm:1.0.4"
  checksum: 10c0/ac59836e7dcf95de7e2c04e5cf17a357c7aa06e72c638352beb3e8c7d94ab7736c3d1387f4829d24db3d4b1868fceddfb728ec3812c5f5062faf609668d3a970
  languageName: node
  linkType: hard

"@cspell/dict-markdown@npm:^2.0.11":
  version: 2.0.11
  resolution: "@cspell/dict-markdown@npm:2.0.11"
  peerDependencies:
    "@cspell/dict-css": ^4.0.17
    "@cspell/dict-html": ^4.0.11
    "@cspell/dict-html-symbol-entities": ^4.0.3
    "@cspell/dict-typescript": ^3.2.2
  checksum: 10c0/2bcd668636eb76e3302b118d1cd7939331752cfd10dc9939b2a290772c73ff440dc7ec85b3e86467bad8818a5d4ce1a99df37383aa3a0d89f4f9aba67bf4f911
  languageName: node
  linkType: hard

"@cspell/dict-monkeyc@npm:^1.0.10":
  version: 1.0.10
  resolution: "@cspell/dict-monkeyc@npm:1.0.10"
  checksum: 10c0/a48278f3d751b9d8f90930c55b9736c72aac02589c353849e68782de2e8019a16be88d5014693341a52db627ef9989ac4ea71b973a67c0cf2f8bacce8ec75a14
  languageName: node
  linkType: hard

"@cspell/dict-node@npm:^5.0.7":
  version: 5.0.7
  resolution: "@cspell/dict-node@npm:5.0.7"
  checksum: 10c0/46520be977286bcc497ac883e47c407335dfd0522fff7c4a0e2d84e9b592ee5cdac432a19610f88f75550d1e2bea227c5fb5fb30eb13f47cc8b02ace24a7cad2
  languageName: node
  linkType: hard

"@cspell/dict-npm@npm:^5.2.6":
  version: 5.2.6
  resolution: "@cspell/dict-npm@npm:5.2.6"
  checksum: 10c0/837c000834fd355f63e004547b3082124641a1eb2c9d5682c2975430c619f617bf91e4549c6a5663d5c7c5a274ec52b38a14a9e3ad48495b53d5cf86385ae98b
  languageName: node
  linkType: hard

"@cspell/dict-php@npm:^4.0.14":
  version: 4.0.14
  resolution: "@cspell/dict-php@npm:4.0.14"
  checksum: 10c0/185754d3e56de9db37db265e2073cca2977ad15d7b228c6a2a272db5699d8019b1d7096a8b76483bd757b0c00bbc426abffad37dcec404cdfc9912d7380b0cf9
  languageName: node
  linkType: hard

"@cspell/dict-powershell@npm:^5.0.14":
  version: 5.0.14
  resolution: "@cspell/dict-powershell@npm:5.0.14"
  checksum: 10c0/2409aeb029c0abe869ce9d684fc17e9d117bf3f2d55a227a6229924c69ba70e1bd3683dd6f3cc309e1abdd435d6610dd6ad1a794ea28116997eeacd07efbc107
  languageName: node
  linkType: hard

"@cspell/dict-public-licenses@npm:^2.0.13":
  version: 2.0.13
  resolution: "@cspell/dict-public-licenses@npm:2.0.13"
  checksum: 10c0/c9fafd755e7543a14483abebe743b6e69eb3ce6d321e91c589ef2931d18de721c0c8f71e5fe750c7c3dd4146903aba56d54fac853c83d4d2779ce4989db3e650
  languageName: node
  linkType: hard

"@cspell/dict-python@npm:^4.2.18":
  version: 4.2.18
  resolution: "@cspell/dict-python@npm:4.2.18"
  dependencies:
    "@cspell/dict-data-science": "npm:^2.0.8"
  checksum: 10c0/4d1023b720dbf6fc7eeeed4d3bda35ef4cf8c8a8ebbf339abdbe407f7c69b621bd5cf63c8327ee06b1d94f15753973528a5529f4720da2a6e30a5e379ca1904a
  languageName: node
  linkType: hard

"@cspell/dict-r@npm:^2.1.0":
  version: 2.1.0
  resolution: "@cspell/dict-r@npm:2.1.0"
  checksum: 10c0/96a1057a5789b15e85e7a3eca9042b0f94645da953b7919840fcb97f6ab72d1ebaae792e962cabb7479e1adbb9d8e565a9340c7b415518c713d578f2779c802a
  languageName: node
  linkType: hard

"@cspell/dict-ruby@npm:^5.0.8":
  version: 5.0.8
  resolution: "@cspell/dict-ruby@npm:5.0.8"
  checksum: 10c0/24807292b33f3468c1580ef9bc781a6c93bb3b745b9130fa1d23ae9fe685609e08f13b0bdd61d271ec7307cf86273909fcff3958cc190a08b4fc2433729cf950
  languageName: node
  linkType: hard

"@cspell/dict-rust@npm:^4.0.11":
  version: 4.0.11
  resolution: "@cspell/dict-rust@npm:4.0.11"
  checksum: 10c0/f5adf582f45b02c0695e1118b1f99952cc3a443625b279b0d657dce1c297b74f9782c000e45959b9ab096509de99c0549c1dd01b49a83a3fd6d7453444a4d776
  languageName: node
  linkType: hard

"@cspell/dict-scala@npm:^5.0.7":
  version: 5.0.7
  resolution: "@cspell/dict-scala@npm:5.0.7"
  checksum: 10c0/273eb0123b59d55624ce837b793c12a06f672ffd7653c40565d9647682b11851862929ae6f1171fe5b28dbb3ef4f5f7b892d4b3f939130f6947f75358684e59b
  languageName: node
  linkType: hard

"@cspell/dict-shell@npm:1.1.0, @cspell/dict-shell@npm:^1.1.0":
  version: 1.1.0
  resolution: "@cspell/dict-shell@npm:1.1.0"
  checksum: 10c0/820343ea423769099fc27ed1c5aa1e23b2f6d9f2552375b0f6343d4d6b34b2d010c15167883d46d3e68d5612770d23704ce0baf5c8fef4b0864224d38605a7f8
  languageName: node
  linkType: hard

"@cspell/dict-software-terms@npm:^5.1.0":
  version: 5.1.0
  resolution: "@cspell/dict-software-terms@npm:5.1.0"
  checksum: 10c0/62bc7e699d76a9d04c0ec77c4fb9f32d8a4b50c4cb65b9160f0d1fbe36b94976063bb945d5515a2f5c8d11c4c57b4dca545b1659d7946a95ea22d1e446415aaa
  languageName: node
  linkType: hard

"@cspell/dict-sql@npm:^2.2.0":
  version: 2.2.0
  resolution: "@cspell/dict-sql@npm:2.2.0"
  checksum: 10c0/bf509e15ef2973f829a1e52620b004a5c507837a25342645ea2776ff4c529f2c6422887316f78a1c217d490d65da41da385da98935f955c681e515a6b7a71703
  languageName: node
  linkType: hard

"@cspell/dict-svelte@npm:^1.0.6":
  version: 1.0.6
  resolution: "@cspell/dict-svelte@npm:1.0.6"
  checksum: 10c0/81864325d7bc97d51abbfbd717e2b3dca9eeffb1042be9483407493664c5c53fa7176cb07f648a2a7633da39870de37a20067e13a3ddc008803c5e80c37c5f15
  languageName: node
  linkType: hard

"@cspell/dict-swift@npm:^2.0.5":
  version: 2.0.5
  resolution: "@cspell/dict-swift@npm:2.0.5"
  checksum: 10c0/3123cfde3661ae2b6255863ce4afc648e7e30f20ffb3289e51a624c4b9688cb4e489aff864987e7a1b6f893026f97f5082a8c688e05491f60cad6cc03558ef3c
  languageName: node
  linkType: hard

"@cspell/dict-terraform@npm:^1.1.1":
  version: 1.1.1
  resolution: "@cspell/dict-terraform@npm:1.1.1"
  checksum: 10c0/c6d54c4e9cae5f8e83fe07051d09224c7d8cdbe02e3d8c75613f1c01e187a0959065fbe9c67fcaf8715aac6633196b32839e5ae05e9a63d7b07448b3e7e33eb3
  languageName: node
  linkType: hard

"@cspell/dict-typescript@npm:^3.2.2":
  version: 3.2.2
  resolution: "@cspell/dict-typescript@npm:3.2.2"
  checksum: 10c0/e8ea707af91ad47730046a0539bf634fa709297c41e99f430ace627684bb46276e7cf85400e219718a14e06399b60e92dacb78ce1a36839ab2cb068f99e93796
  languageName: node
  linkType: hard

"@cspell/dict-vue@npm:^3.0.4":
  version: 3.0.4
  resolution: "@cspell/dict-vue@npm:3.0.4"
  checksum: 10c0/8a39099c15a6d2ae640aa5a2947dc0c9baf782a8754afaccc0d1fb014fda20be121cf4c2cff6f7e9e61c62fab52a7b8b2a3a07dfe2996b6ea6e4d80165746416
  languageName: node
  linkType: hard

"@cspell/dynamic-import@npm:9.1.1":
  version: 9.1.1
  resolution: "@cspell/dynamic-import@npm:9.1.1"
  dependencies:
    "@cspell/url": "npm:9.1.1"
    import-meta-resolve: "npm:^4.1.0"
  checksum: 10c0/73636228353e98c25a02a38b2b27b29ab6218150d22de1a8ee25c0c4f9aaa47f890c5fe26ad6885158447ff359857f899244a12b22447da04e76fea979367ea6
  languageName: node
  linkType: hard

"@cspell/filetypes@npm:9.1.1":
  version: 9.1.1
  resolution: "@cspell/filetypes@npm:9.1.1"
  checksum: 10c0/c030c4e5d21e479932f44d09267437fdd3060feebde92a026f7f89dceb095c6e0c36cd80315eebee6f65d42d805ff979fdb3ad89cfa020963c3786d810f9fdcb
  languageName: node
  linkType: hard

"@cspell/strong-weak-map@npm:9.1.1":
  version: 9.1.1
  resolution: "@cspell/strong-weak-map@npm:9.1.1"
  checksum: 10c0/98bc5f20ec85914319b2991285ada2f5a82e07be310e6ab203627018c031ff93cbd39551b7a6bd28f3b14c536306feba80b7b6faa5f09ef62ca69384bc3f6d6b
  languageName: node
  linkType: hard

"@cspell/url@npm:9.1.1":
  version: 9.1.1
  resolution: "@cspell/url@npm:9.1.1"
  checksum: 10c0/8e8530da96d18fccc3dc2466daa34589194d06dc54d3eb024a203610f074b38a12152f393d0e818ea90f82df896e6177a174b50ae667c7e48558f92a9cfe77c8
  languageName: node
  linkType: hard

"@prettier/plugin-ruby@npm:^4.0.4":
  version: 4.0.4
  resolution: "@prettier/plugin-ruby@npm:4.0.4"
  peerDependencies:
    prettier: ^3.0.0
  checksum: 10c0/7567d7f87fe807f7a90fb4eba7a91d25a1843e19de09289412ba0420e25fadea9840085b495c54212249bb418fcd146d53b105c0e4e57990c5235326bd7c6b01
  languageName: node
  linkType: hard

"array-timsort@npm:^1.0.3":
  version: 1.0.3
  resolution: "array-timsort@npm:1.0.3"
  checksum: 10c0/bd3a1707b621947265c89867e67c9102b9b9f4c50f5b3974220112290d8b60d26ce60595edec5deed3325207b759d70b758bed3cd310b5ddadb835657ffb6d12
  languageName: node
  linkType: hard

"callsites@npm:^3.0.0, callsites@npm:^3.1.0":
  version: 3.1.0
  resolution: "callsites@npm:3.1.0"
  checksum: 10c0/fff92277400eb06c3079f9e74f3af120db9f8ea03bad0e84d9aede54bbe2d44a56cccb5f6cf12211f93f52306df87077ecec5b712794c5a9b5dac6d615a3f301
  languageName: node
  linkType: hard

"chalk-template@npm:^1.1.0":
  version: 1.1.0
  resolution: "chalk-template@npm:1.1.0"
  dependencies:
    chalk: "npm:^5.2.0"
  checksum: 10c0/bb6eda6115a33d06828caf8c44f786c26e0d392c74c2bd6bb0f7526588b15664e3e7c0305858531cdd9b266fc54a31fe71fe3844afcd47a3e67445313f149437
  languageName: node
  linkType: hard

"chalk@npm:^5.2.0":
  version: 5.3.0
  resolution: "chalk@npm:5.3.0"
  checksum: 10c0/8297d436b2c0f95801103ff2ef67268d362021b8210daf8ddbe349695333eb3610a71122172ff3b0272f1ef2cf7cc2c41fdaa4715f52e49ffe04c56340feed09
  languageName: node
  linkType: hard

"chalk@npm:^5.4.1":
  version: 5.4.1
  resolution: "chalk@npm:5.4.1"
  checksum: 10c0/b23e88132c702f4855ca6d25cb5538b1114343e41472d5263ee8a37cccfccd9c4216d111e1097c6a27830407a1dc81fecdf2a56f2c63033d4dbbd88c10b0dcef
  languageName: node
  linkType: hard

"clear-module@npm:^4.1.2":
  version: 4.1.2
  resolution: "clear-module@npm:4.1.2"
  dependencies:
    parent-module: "npm:^2.0.0"
    resolve-from: "npm:^5.0.0"
  checksum: 10c0/73207f06af256e3c8901ceaa74f7e4468a777aa68dedc7f745db4116861a7f8e69c558e16dbdf7b3d2295675d5896f916ba55b5dc737dda81792dbeee1488127
  languageName: node
  linkType: hard

"commander@npm:^14.0.0":
  version: 14.0.0
  resolution: "commander@npm:14.0.0"
  checksum: 10c0/73c4babfa558077868d84522b11ef56834165d472b9e86a634cd4c3ae7fc72d59af6377d8878e06bd570fe8f3161eced3cbe383c38f7093272bb65bd242b595b
  languageName: node
  linkType: hard

"comment-json@npm:^4.2.5":
  version: 4.2.5
  resolution: "comment-json@npm:4.2.5"
  dependencies:
    array-timsort: "npm:^1.0.3"
    core-util-is: "npm:^1.0.3"
    esprima: "npm:^4.0.1"
    has-own-prop: "npm:^2.0.0"
    repeat-string: "npm:^1.6.1"
  checksum: 10c0/e22f13f18fcc484ac33c8bc02a3d69c3f9467ae5063fdfb3df7735f83a8d9a2cab6a32b7d4a0c53123413a9577de8e17c8cc88369c433326799558febb34ef9c
  languageName: node
  linkType: hard

"core-util-is@npm:^1.0.3":
  version: 1.0.3
  resolution: "core-util-is@npm:1.0.3"
  checksum: 10c0/90a0e40abbddfd7618f8ccd63a74d88deea94e77d0e8dbbea059fa7ebebb8fbb4e2909667fe26f3a467073de1a542ebe6ae4c73a73745ac5833786759cd906c9
  languageName: node
  linkType: hard

"cspell-config-lib@npm:9.1.1":
  version: 9.1.1
  resolution: "cspell-config-lib@npm:9.1.1"
  dependencies:
    "@cspell/cspell-types": "npm:9.1.1"
    comment-json: "npm:^4.2.5"
    yaml: "npm:^2.8.0"
  checksum: 10c0/f49f58ce5a0ab60b4685ed264aa20139977ea3c27a50e93ea69ddc348e047af87aa5fd29fe1fea1ef27a45daa88e642c853059fd29054d3031f2b94831e5005a
  languageName: node
  linkType: hard

"cspell-dictionary@npm:9.1.1":
  version: 9.1.1
  resolution: "cspell-dictionary@npm:9.1.1"
  dependencies:
    "@cspell/cspell-pipe": "npm:9.1.1"
    "@cspell/cspell-types": "npm:9.1.1"
    cspell-trie-lib: "npm:9.1.1"
    fast-equals: "npm:^5.2.2"
  checksum: 10c0/074869e42dfc4d28e5f37137240b6b1b96724c776156ca60cfbaf5f6ed3bc5f7149ece5b17f4c6a1b684c434efd1d5e58bce562e4341a7f04e1d24f294d5da81
  languageName: node
  linkType: hard

"cspell-gitignore@npm:9.1.1":
  version: 9.1.1
  resolution: "cspell-gitignore@npm:9.1.1"
  dependencies:
    "@cspell/url": "npm:9.1.1"
    cspell-glob: "npm:9.1.1"
    cspell-io: "npm:9.1.1"
  bin:
    cspell-gitignore: bin.mjs
  checksum: 10c0/8b4bdf3565adb8f198eb6a98a725b30ff9f5ae80823d03f36b218322598efed3be3e69b0cc32ca360fea911ecf83cefee5ea7bf378f8c47d842f90aa87a3f984
  languageName: node
  linkType: hard

"cspell-glob@npm:9.1.1":
  version: 9.1.1
  resolution: "cspell-glob@npm:9.1.1"
  dependencies:
    "@cspell/url": "npm:9.1.1"
    picomatch: "npm:^4.0.2"
  checksum: 10c0/a5d8ea70e07837a19aa8120f02f00cc364857cc2cd50b77cd6b953d172648ba55458963cdbe8f0dab17bf195a7bbdca2bf86403d17fe1ad7fc9e60ae5e8ed7f5
  languageName: node
  linkType: hard

"cspell-grammar@npm:9.1.1":
  version: 9.1.1
  resolution: "cspell-grammar@npm:9.1.1"
  dependencies:
    "@cspell/cspell-pipe": "npm:9.1.1"
    "@cspell/cspell-types": "npm:9.1.1"
  bin:
    cspell-grammar: bin.mjs
  checksum: 10c0/ea174b933077763fca7fe128812f89d0be7ceb5a6a15cac366768983b3a8f41883df18cbf0b7279600ccb2c5895976ece5a785b941c26f6c9bc57b4ad31167ce
  languageName: node
  linkType: hard

"cspell-io@npm:9.1.1":
  version: 9.1.1
  resolution: "cspell-io@npm:9.1.1"
  dependencies:
    "@cspell/cspell-service-bus": "npm:9.1.1"
    "@cspell/url": "npm:9.1.1"
  checksum: 10c0/7cb78937a74300cdb8d1cb7856cde6905698750ee97630b9049eff0feacc2061cee8edde208971601679f60a3073eade5d5b14ac94c11f1bcf0083abb09283aa
  languageName: node
  linkType: hard

"cspell-lib@npm:9.1.1":
  version: 9.1.1
  resolution: "cspell-lib@npm:9.1.1"
  dependencies:
    "@cspell/cspell-bundled-dicts": "npm:9.1.1"
    "@cspell/cspell-pipe": "npm:9.1.1"
    "@cspell/cspell-resolver": "npm:9.1.1"
    "@cspell/cspell-types": "npm:9.1.1"
    "@cspell/dynamic-import": "npm:9.1.1"
    "@cspell/filetypes": "npm:9.1.1"
    "@cspell/strong-weak-map": "npm:9.1.1"
    "@cspell/url": "npm:9.1.1"
    clear-module: "npm:^4.1.2"
    comment-json: "npm:^4.2.5"
    cspell-config-lib: "npm:9.1.1"
    cspell-dictionary: "npm:9.1.1"
    cspell-glob: "npm:9.1.1"
    cspell-grammar: "npm:9.1.1"
    cspell-io: "npm:9.1.1"
    cspell-trie-lib: "npm:9.1.1"
    env-paths: "npm:^3.0.0"
    fast-equals: "npm:^5.2.2"
    gensequence: "npm:^7.0.0"
    import-fresh: "npm:^3.3.1"
    resolve-from: "npm:^5.0.0"
    vscode-languageserver-textdocument: "npm:^1.0.12"
    vscode-uri: "npm:^3.1.0"
    xdg-basedir: "npm:^5.1.0"
  checksum: 10c0/1ee272b4fdb292f8b8fc048396f56fca6571cdad5dfa76c9557af49ed8bd761596a1136b6a7cbf6b440a45b6a0a46aa990257fa10d5a69ae626c11a07429b6cc
  languageName: node
  linkType: hard

"cspell-trie-lib@npm:9.1.1":
  version: 9.1.1
  resolution: "cspell-trie-lib@npm:9.1.1"
  dependencies:
    "@cspell/cspell-pipe": "npm:9.1.1"
    "@cspell/cspell-types": "npm:9.1.1"
    gensequence: "npm:^7.0.0"
  checksum: 10c0/7bfadf847a27dd06a7e34adc9009d5ee8120fe576f4c2db3cf5ff1bccee7aec8a47ceb3cc5d8f000c3557a6c2af6da84173f11959dd19d8aaae72dc927a8a2b2
  languageName: node
  linkType: hard

"cspell@npm:^9.1.1":
  version: 9.1.1
  resolution: "cspell@npm:9.1.1"
  dependencies:
    "@cspell/cspell-json-reporter": "npm:9.1.1"
    "@cspell/cspell-pipe": "npm:9.1.1"
    "@cspell/cspell-types": "npm:9.1.1"
    "@cspell/dynamic-import": "npm:9.1.1"
    "@cspell/url": "npm:9.1.1"
    chalk: "npm:^5.4.1"
    chalk-template: "npm:^1.1.0"
    commander: "npm:^14.0.0"
    cspell-config-lib: "npm:9.1.1"
    cspell-dictionary: "npm:9.1.1"
    cspell-gitignore: "npm:9.1.1"
    cspell-glob: "npm:9.1.1"
    cspell-io: "npm:9.1.1"
    cspell-lib: "npm:9.1.1"
    fast-json-stable-stringify: "npm:^2.1.0"
    file-entry-cache: "npm:^9.1.0"
    semver: "npm:^7.7.2"
    tinyglobby: "npm:^0.2.14"
  bin:
    cspell: bin.mjs
    cspell-esm: bin.mjs
  checksum: 10c0/c8809a24aaf32f2a00708f7a1194216f304f2498998791c31c16c70e9efeb7bb37f4b503cf3cb2850b3d6e20af9f584ce8db3032b2df76a2a7642b1a86dd96c6
  languageName: node
  linkType: hard

"env-paths@npm:^3.0.0":
  version: 3.0.0
  resolution: "env-paths@npm:3.0.0"
  checksum: 10c0/76dec878cee47f841103bacd7fae03283af16f0702dad65102ef0a556f310b98a377885e0f32943831eb08b5ab37842a323d02529f3dfd5d0a40ca71b01b435f
  languageName: node
  linkType: hard

"esprima@npm:^4.0.1":
  version: 4.0.1
  resolution: "esprima@npm:4.0.1"
  bin:
    esparse: ./bin/esparse.js
    esvalidate: ./bin/esvalidate.js
  checksum: 10c0/ad4bab9ead0808cf56501750fd9d3fb276f6b105f987707d059005d57e182d18a7c9ec7f3a01794ebddcca676773e42ca48a32d67a250c9d35e009ca613caba3
  languageName: node
  linkType: hard

"fast-equals@npm:^5.2.2":
  version: 5.2.2
  resolution: "fast-equals@npm:5.2.2"
  checksum: 10c0/2bfeac6317a8959a00e2134749323557e5df6dea3af24e4457297733eace8ce4313fcbca2cf4532f3a6792607461e80442cd8d3af148d5c2e4e98ad996d6e5b5
  languageName: node
  linkType: hard

"fast-json-stable-stringify@npm:^2.1.0":
  version: 2.1.0
  resolution: "fast-json-stable-stringify@npm:2.1.0"
  checksum: 10c0/7f081eb0b8a64e0057b3bb03f974b3ef00135fbf36c1c710895cd9300f13c94ba809bb3a81cf4e1b03f6e5285610a61abbd7602d0652de423144dfee5a389c9b
  languageName: node
  linkType: hard

"fdir@npm:^6.4.4":
  version: 6.4.6
  resolution: "fdir@npm:6.4.6"
  peerDependencies:
    picomatch: ^3 || ^4
  peerDependenciesMeta:
    picomatch:
      optional: true
  checksum: 10c0/45b559cff889934ebb8bc498351e5acba40750ada7e7d6bde197768d2fa67c149be8ae7f8ff34d03f4e1eb20f2764116e56440aaa2f6689e9a4aa7ef06acafe9
  languageName: node
  linkType: hard

"file-entry-cache@npm:^9.1.0":
  version: 9.1.0
  resolution: "file-entry-cache@npm:9.1.0"
  dependencies:
    flat-cache: "npm:^5.0.0"
  checksum: 10c0/4b4dbc1e972f50202b1a4430d30fd99378ef6e2a64857176abdc65c5e4730a948fb37e274478520a7bacbc70f3abba455a4b9d2c1915c53f30d11dc85d3fef5e
  languageName: node
  linkType: hard

"flat-cache@npm:^5.0.0":
  version: 5.0.0
  resolution: "flat-cache@npm:5.0.0"
  dependencies:
    flatted: "npm:^3.3.1"
    keyv: "npm:^4.5.4"
  checksum: 10c0/847f25eefec5d6614fdce76dc6097ee98f63fd4dfbcb908718905ac56610f939f4c28b1f908d6e8857d49286fe73235095d2e7ac9df096c35a3e8a15204c361b
  languageName: node
  linkType: hard

"flatted@npm:^3.3.1":
  version: 3.3.1
  resolution: "flatted@npm:3.3.1"
  checksum: 10c0/324166b125ee07d4ca9bcf3a5f98d915d5db4f39d711fba640a3178b959919aae1f7cfd8aabcfef5826ed8aa8a2aa14cc85b2d7d18ff638ddf4ae3df39573eaf
  languageName: node
  linkType: hard

"gensequence@npm:^7.0.0":
  version: 7.0.0
  resolution: "gensequence@npm:7.0.0"
  checksum: 10c0/d446772a795d8a50d70d87e87b827591ccd599c267acce9c2e1f17e4df6c04e6d47661b2ddf5d0144d026c1e3ac71eca917c171e594c3daf6a87aeabbe1d7a3d
  languageName: node
  linkType: hard

"global-directory@npm:^4.0.1":
  version: 4.0.1
  resolution: "global-directory@npm:4.0.1"
  dependencies:
    ini: "npm:4.1.1"
  checksum: 10c0/f9cbeef41db4876f94dd0bac1c1b4282a7de9c16350ecaaf83e7b2dd777b32704cc25beeb1170b5a63c42a2c9abfade74d46357fe0133e933218bc89e613d4b2
  languageName: node
  linkType: hard

"has-own-prop@npm:^2.0.0":
  version: 2.0.0
  resolution: "has-own-prop@npm:2.0.0"
  checksum: 10c0/2745497283d80228b5c5fbb8c63ab1029e604bce7db8d4b36255e427b3695b2153dc978b176674d0dd2a23f132809e04d7ef41fefc0ab85870a5caa918c5c0d9
  languageName: node
  linkType: hard

"import-fresh@npm:^3.3.1":
  version: 3.3.1
  resolution: "import-fresh@npm:3.3.1"
  dependencies:
    parent-module: "npm:^1.0.0"
    resolve-from: "npm:^4.0.0"
  checksum: 10c0/bf8cc494872fef783249709385ae883b447e3eb09db0ebd15dcead7d9afe7224dad7bd7591c6b73b0b19b3c0f9640eb8ee884f01cfaf2887ab995b0b36a0cbec
  languageName: node
  linkType: hard

"import-meta-resolve@npm:^4.1.0":
  version: 4.1.0
  resolution: "import-meta-resolve@npm:4.1.0"
  checksum: 10c0/42f3284b0460635ddf105c4ad99c6716099c3ce76702602290ad5cbbcd295700cbc04e4bdf47bacf9e3f1a4cec2e1ff887dabc20458bef398f9de22ddff45ef5
  languageName: node
  linkType: hard

"ini@npm:4.1.1":
  version: 4.1.1
  resolution: "ini@npm:4.1.1"
  checksum: 10c0/7fddc8dfd3e63567d4fdd5d999d1bf8a8487f1479d0b34a1d01f28d391a9228d261e19abc38e1a6a1ceb3400c727204fce05725d5eb598dfcf2077a1e3afe211
  languageName: node
  linkType: hard

"json-buffer@npm:3.0.1":
  version: 3.0.1
  resolution: "json-buffer@npm:3.0.1"
  checksum: 10c0/0d1c91569d9588e7eef2b49b59851f297f3ab93c7b35c7c221e288099322be6b562767d11e4821da500f3219542b9afd2e54c5dc573107c1126ed1080f8e96d7
  languageName: node
  linkType: hard

"keyv@npm:^4.5.4":
  version: 4.5.4
  resolution: "keyv@npm:4.5.4"
  dependencies:
    json-buffer: "npm:3.0.1"
  checksum: 10c0/aa52f3c5e18e16bb6324876bb8b59dd02acf782a4b789c7b2ae21107fab95fab3890ed448d4f8dba80ce05391eeac4bfabb4f02a20221342982f806fa2cf271e
  languageName: node
  linkType: hard

"open-meteo-ruby@workspace:.":
  version: 0.0.0-use.local
  resolution: "open-meteo-ruby@workspace:."
  dependencies:
    "@prettier/plugin-ruby": "npm:^4.0.4"
    cspell: "npm:^9.1.1"
    prettier: "npm:^3.5.3"
  languageName: unknown
  linkType: soft

"parent-module@npm:^1.0.0":
  version: 1.0.1
  resolution: "parent-module@npm:1.0.1"
  dependencies:
    callsites: "npm:^3.0.0"
  checksum: 10c0/c63d6e80000d4babd11978e0d3fee386ca7752a02b035fd2435960ffaa7219dc42146f07069fb65e6e8bf1caef89daf9af7535a39bddf354d78bf50d8294f556
  languageName: node
  linkType: hard

"parent-module@npm:^2.0.0":
  version: 2.0.0
  resolution: "parent-module@npm:2.0.0"
  dependencies:
    callsites: "npm:^3.1.0"
  checksum: 10c0/e4c5e34102c709df1932e1065dee53764fbd869f5a673beb8c3b4bcbbd4a7be16e3595f8846b24f52a77b9e96d8d499e68736ec690b108e55d95a5315f41e073
  languageName: node
  linkType: hard

"picomatch@npm:^4.0.2":
  version: 4.0.2
  resolution: "picomatch@npm:4.0.2"
  checksum: 10c0/7c51f3ad2bb42c776f49ebf964c644958158be30d0a510efd5a395e8d49cb5acfed5b82c0c5b365523ce18e6ab85013c9ebe574f60305892ec3fa8eee8304ccc
  languageName: node
  linkType: hard

"prettier@npm:^3.5.3":
  version: 3.5.3
  resolution: "prettier@npm:3.5.3"
  bin:
    prettier: bin/prettier.cjs
  checksum: 10c0/3880cb90b9dc0635819ab52ff571518c35bd7f15a6e80a2054c05dbc8a3aa6e74f135519e91197de63705bcb38388ded7e7230e2178432a1468005406238b877
  languageName: node
  linkType: hard

"repeat-string@npm:^1.6.1":
  version: 1.6.1
  resolution: "repeat-string@npm:1.6.1"
  checksum: 10c0/87fa21bfdb2fbdedc44b9a5b118b7c1239bdd2c2c1e42742ef9119b7d412a5137a1d23f1a83dc6bb686f4f27429ac6f542e3d923090b44181bafa41e8ac0174d
  languageName: node
  linkType: hard

"resolve-from@npm:^4.0.0":
  version: 4.0.0
  resolution: "resolve-from@npm:4.0.0"
  checksum: 10c0/8408eec31a3112ef96e3746c37be7d64020cda07c03a920f5024e77290a218ea758b26ca9529fd7b1ad283947f34b2291c1c0f6aa0ed34acfdda9c6014c8d190
  languageName: node
  linkType: hard

"resolve-from@npm:^5.0.0":
  version: 5.0.0
  resolution: "resolve-from@npm:5.0.0"
  checksum: 10c0/b21cb7f1fb746de8107b9febab60095187781137fd803e6a59a76d421444b1531b641bba5857f5dc011974d8a5c635d61cec49e6bd3b7fc20e01f0fafc4efbf2
  languageName: node
  linkType: hard

"semver@npm:^7.7.2":
  version: 7.7.2
  resolution: "semver@npm:7.7.2"
  bin:
    semver: bin/semver.js
  checksum: 10c0/aca305edfbf2383c22571cb7714f48cadc7ac95371b4b52362fb8eeffdfbc0de0669368b82b2b15978f8848f01d7114da65697e56cd8c37b0dab8c58e543f9ea
  languageName: node
  linkType: hard

"tinyglobby@npm:^0.2.14":
  version: 0.2.14
  resolution: "tinyglobby@npm:0.2.14"
  dependencies:
    fdir: "npm:^6.4.4"
    picomatch: "npm:^4.0.2"
  checksum: 10c0/f789ed6c924287a9b7d3612056ed0cda67306cd2c80c249fd280cf1504742b12583a2089b61f4abbd24605f390809017240e250241f09938054c9b363e51c0a6
  languageName: node
  linkType: hard

"vscode-languageserver-textdocument@npm:^1.0.12":
  version: 1.0.12
  resolution: "vscode-languageserver-textdocument@npm:1.0.12"
  checksum: 10c0/534349894b059602c4d97615a1147b6c4c031141c2093e59657f54e38570f5989c21b376836f13b9375419869242e9efb4066643208b21ab1e1dee111a0f00fb
  languageName: node
  linkType: hard

"vscode-uri@npm:^3.1.0":
  version: 3.1.0
  resolution: "vscode-uri@npm:3.1.0"
  checksum: 10c0/5f6c9c10fd9b1664d71fab4e9fbbae6be93c7f75bb3a1d9d74399a88ab8649e99691223fd7cef4644376cac6e94fa2c086d802521b9a8e31c5af3e60f0f35624
  languageName: node
  linkType: hard

"xdg-basedir@npm:^5.1.0":
  version: 5.1.0
  resolution: "xdg-basedir@npm:5.1.0"
  checksum: 10c0/c88efabc71ffd996ba9ad8923a8cc1c7c020a03e2c59f0ffa72e06be9e724ad2a0fccef488757bc6ed3d8849d753dd25082d1035d95cb179e79eae4d034d0b80
  languageName: node
  linkType: hard

"yaml@npm:^2.8.0":
  version: 2.8.0
  resolution: "yaml@npm:2.8.0"
  bin:
    yaml: bin.mjs
  checksum: 10c0/f6f7310cf7264a8107e72c1376f4de37389945d2fb4656f8060eca83f01d2d703f9d1b925dd8f39852a57034fafefde6225409ddd9f22aebfda16c6141b71858
  languageName: node
  linkType: hard
