# This file is generated by running "yarn install" inside your project.
# Manual changes might be lost - proceed with caution!

__metadata:
  version: 8
  cacheKey: 10c0

"@cspell/cspell-bundled-dicts@npm:9.7.0":
  version: 9.7.0
  resolution: "@cspell/cspell-bundled-dicts@npm:9.7.0"
  dependencies:
    "@cspell/dict-ada": "npm:^4.1.1"
    "@cspell/dict-al": "npm:^1.1.1"
    "@cspell/dict-aws": "npm:^4.0.17"
    "@cspell/dict-bash": "npm:^4.2.2"
    "@cspell/dict-companies": "npm:^3.2.10"
    "@cspell/dict-cpp": "npm:^7.0.2"
    "@cspell/dict-cryptocurrencies": "npm:^5.0.5"
    "@cspell/dict-csharp": "npm:^4.0.8"
    "@cspell/dict-css": "npm:^4.0.19"
    "@cspell/dict-dart": "npm:^2.3.2"
    "@cspell/dict-data-science": "npm:^2.0.13"
    "@cspell/dict-django": "npm:^4.1.6"
    "@cspell/dict-docker": "npm:^1.1.17"
    "@cspell/dict-dotnet": "npm:^5.0.12"
    "@cspell/dict-elixir": "npm:^4.0.8"
    "@cspell/dict-en-common-misspellings": "npm:^2.1.12"
    "@cspell/dict-en-gb-mit": "npm:^3.1.18"
    "@cspell/dict-en_us": "npm:^4.4.29"
    "@cspell/dict-filetypes": "npm:^3.0.15"
    "@cspell/dict-flutter": "npm:^1.1.1"
    "@cspell/dict-fonts": "npm:^4.0.5"
    "@cspell/dict-fsharp": "npm:^1.1.1"
    "@cspell/dict-fullstack": "npm:^3.2.8"
    "@cspell/dict-gaming-terms": "npm:^1.1.2"
    "@cspell/dict-git": "npm:^3.1.0"
    "@cspell/dict-golang": "npm:^6.0.26"
    "@cspell/dict-google": "npm:^1.0.9"
    "@cspell/dict-haskell": "npm:^4.0.6"
    "@cspell/dict-html": "npm:^4.0.14"
    "@cspell/dict-html-symbol-entities": "npm:^4.0.5"
    "@cspell/dict-java": "npm:^5.0.12"
    "@cspell/dict-julia": "npm:^1.1.1"
    "@cspell/dict-k8s": "npm:^1.0.12"
    "@cspell/dict-kotlin": "npm:^1.1.1"
    "@cspell/dict-latex": "npm:^5.0.0"
    "@cspell/dict-lorem-ipsum": "npm:^4.0.5"
    "@cspell/dict-lua": "npm:^4.0.8"
    "@cspell/dict-makefile": "npm:^1.0.5"
    "@cspell/dict-markdown": "npm:^2.0.14"
    "@cspell/dict-monkeyc": "npm:^1.0.12"
    "@cspell/dict-node": "npm:^5.0.9"
    "@cspell/dict-npm": "npm:^5.2.34"
    "@cspell/dict-php": "npm:^4.1.1"
    "@cspell/dict-powershell": "npm:^5.0.15"
    "@cspell/dict-public-licenses": "npm:^2.0.15"
    "@cspell/dict-python": "npm:^4.2.25"
    "@cspell/dict-r": "npm:^2.1.1"
    "@cspell/dict-ruby": "npm:^5.1.0"
    "@cspell/dict-rust": "npm:^4.1.2"
    "@cspell/dict-scala": "npm:^5.0.9"
    "@cspell/dict-shell": "npm:^1.1.2"
    "@cspell/dict-software-terms": "npm:^5.1.21"
    "@cspell/dict-sql": "npm:^2.2.1"
    "@cspell/dict-svelte": "npm:^1.0.7"
    "@cspell/dict-swift": "npm:^2.0.6"
    "@cspell/dict-terraform": "npm:^1.1.3"
    "@cspell/dict-typescript": "npm:^3.2.3"
    "@cspell/dict-vue": "npm:^3.0.5"
    "@cspell/dict-zig": "npm:^1.0.0"
  checksum: 10c0/dc55309e91a0e464de134dfe3ebcef8f9d016b274d4974d127a90d259b8ef45537818208bfb71fb9587edbddac353b9acc537e5330fbf93b9ec9efb38d022b3c
  languageName: node
  linkType: hard

"@cspell/cspell-json-reporter@npm:9.7.0":
  version: 9.7.0
  resolution: "@cspell/cspell-json-reporter@npm:9.7.0"
  dependencies:
    "@cspell/cspell-types": "npm:9.7.0"
  checksum: 10c0/bba3021cc5415fe2ffb78c37e6044af217c9babd0af0394e93c4aed0d8551455b737e03bce1683fbedee21e25f5b30ab6ec51701206943ef41af5fbe5b89f60d
  languageName: node
  linkType: hard

"@cspell/cspell-performance-monitor@npm:9.7.0":
  version: 9.7.0
  resolution: "@cspell/cspell-performance-monitor@npm:9.7.0"
  checksum: 10c0/1919b3a3894484c7fe9962d223b5d905ea08cbdc9209b2777c992643e0ad831e2cd4eb2de22f2fc363e1be20d44d7dc31048f7cbfdc6cd99a675530bca61cdd6
  languageName: node
  linkType: hard

"@cspell/cspell-pipe@npm:9.7.0":
  version: 9.7.0
  resolution: "@cspell/cspell-pipe@npm:9.7.0"
  checksum: 10c0/7ec47493be7a2787dc0d9c44c0a9b37b909630fc57726acd088183b9d496a3f5067b2659c856a95230630d99bce6f90531bf4db8204a3a5e07037128f23bf809
  languageName: node
  linkType: hard

"@cspell/cspell-resolver@npm:9.7.0":
  version: 9.7.0
  resolution: "@cspell/cspell-resolver@npm:9.7.0"
  dependencies:
    global-directory: "npm:^5.0.0"
  checksum: 10c0/d03c6f4d1ea532adc684cfe023af2a5d7f5b917f53372d0a5404b0eb09a634511e8637bba695f70e481a410838d978a1e51aea504b476461b0a226ce3b9751f9
  languageName: node
  linkType: hard

"@cspell/cspell-service-bus@npm:9.7.0":
  version: 9.7.0
  resolution: "@cspell/cspell-service-bus@npm:9.7.0"
  checksum: 10c0/47e5ced1124b142c61edf3d6f52a8e7734b970580d9f715da7c505e368ae5c0e6eaa8a013dbeb3106f851cc5c3aa76e8e0f4c4b1d390feaad48f2bd013047874
  languageName: node
  linkType: hard

"@cspell/cspell-types@npm:9.7.0":
  version: 9.7.0
  resolution: "@cspell/cspell-types@npm:9.7.0"
  checksum: 10c0/63af2d2d38e044fcc31f14eea9385d718c8d67aab9b46b2c566a83c1be62c99a313b858edd5a77fb6f21d1b7cd7ec8fd1324aba62905d7519b212d51ccbae158
  languageName: node
  linkType: hard

"@cspell/cspell-worker@npm:9.7.0":
  version: 9.7.0
  resolution: "@cspell/cspell-worker@npm:9.7.0"
  dependencies:
    cspell-lib: "npm:9.7.0"
  checksum: 10c0/86f5b23089979b828dacee2679063267b030ce342874a0c2cec9566fa6243260cd91c831f0eb38956acfd5d4c346d7cb8d2a449b044552d22237ccb4476c6b7e
  languageName: node
  linkType: hard

"@cspell/dict-ada@npm:^4.1.1":
  version: 4.1.1
  resolution: "@cspell/dict-ada@npm:4.1.1"
  checksum: 10c0/4943399b5dd7dbed220b92ddcc6d3c55d0b00f141b52a39f35b9235e8f8cad8c0e63cab6af3f8f9e6ea669e672799215e50320059cae972fcd34174f4cbf38c7
  languageName: node
  linkType: hard

"@cspell/dict-al@npm:^1.1.1":
  version: 1.1.1
  resolution: "@cspell/dict-al@npm:1.1.1"
  checksum: 10c0/a6bd4d57a3027f91a44bd37f29f449beb684032cc88ba742a7b1576a3fac3f9d93c57b0a3b45eea732efb50c322ce2b8de386e1b15f605372ed312d4db6bc292
  languageName: node
  linkType: hard

"@cspell/dict-aws@npm:^4.0.17":
  version: 4.0.17
  resolution: "@cspell/dict-aws@npm:4.0.17"
  checksum: 10c0/d421a78aee8cc3db78a0bdffad2ceda9ca8e476498398809f2975bae9f03233df1112e713f2d699239600a9019d5e8f11ca60dfcb49fdce56815d5e794285c7b
  languageName: node
  linkType: hard

"@cspell/dict-bash@npm:^4.2.2":
  version: 4.2.2
  resolution: "@cspell/dict-bash@npm:4.2.2"
  dependencies:
    "@cspell/dict-shell": "npm:1.1.2"
  checksum: 10c0/51b0552319cf190ab75841e7ea5d8919ecb2f165d8c1b9d3b26c90c5e30b9769e6a21212194b20db64a03a4c3f084d17be1f9957ecd733e90b2770e011d0e89b
  languageName: node
  linkType: hard

"@cspell/dict-companies@npm:^3.2.10":
  version: 3.2.10
  resolution: "@cspell/dict-companies@npm:3.2.10"
  checksum: 10c0/56ffda78e90a417fb470d3296d17fa74c2b86f1f73de121b12ca9510f81663eea7c20923fe4409c9159eb20b9b36ff4cf4b6cbb1b4fab48da404ebe1ee855f7b
  languageName: node
  linkType: hard

"@cspell/dict-cpp@npm:^7.0.2":
  version: 7.0.2
  resolution: "@cspell/dict-cpp@npm:7.0.2"
  checksum: 10c0/a2926a6e896f04aa795edcd5fe3ac72cf1e05b97719946388cf31cf91737cfee816ffdd220e1960af60d7049daa37262787e76534afa5479fe10691af096b54c
  languageName: node
  linkType: hard

"@cspell/dict-cryptocurrencies@npm:^5.0.5":
  version: 5.0.5
  resolution: "@cspell/dict-cryptocurrencies@npm:5.0.5"
  checksum: 10c0/d28c05f26d500bf05d08d725b43b5c1d740177b31ebdfcd03ae9929988b7878c3a6c94b99d8e355a5b20201f8af4b71713fb7f417548b69d621129ad6863be51
  languageName: node
  linkType: hard

"@cspell/dict-csharp@npm:^4.0.8":
  version: 4.0.8
  resolution: "@cspell/dict-csharp@npm:4.0.8"
  checksum: 10c0/b55dbe323b973e0e98d76a17205b103fbb52dec01d45d55aa06a14f1acc6c8bec259f7923bbe6138d1af2b11463969d920214ce0fc6e89eaf6fa08f86b10184e
  languageName: node
  linkType: hard

"@cspell/dict-css@npm:^4.0.19":
  version: 4.0.19
  resolution: "@cspell/dict-css@npm:4.0.19"
  checksum: 10c0/e0ba38ec536ce8a9b88a4afb197b9467622bd6519a84e71435e9f0d8d90d12d94f6e83d5e504337a95f6ce99ee398c920c6367c6252c6c01c794cba61b621bde
  languageName: node
  linkType: hard

"@cspell/dict-dart@npm:^2.3.2":
  version: 2.3.2
  resolution: "@cspell/dict-dart@npm:2.3.2"
  checksum: 10c0/1c0842ff09785aaf2bc2e68f4c05ec5e20331f3fce1503ef5a87305feb223f6e23404c68e4991bb90c6473825a7f8cd65b3ed86eef0d8032d43b13558ddb1753
  languageName: node
  linkType: hard

"@cspell/dict-data-science@npm:^2.0.13":
  version: 2.0.13
  resolution: "@cspell/dict-data-science@npm:2.0.13"
  checksum: 10c0/63d8291ef0e62defbf4b98e58bd1039747efdb6348fa64c128a01a0b28b93ce1724e878e945b1ca7d8f568a49446a46ed65ef71531130c7b1b1fddb5328a1a0e
  languageName: node
  linkType: hard

"@cspell/dict-django@npm:^4.1.6":
  version: 4.1.6
  resolution: "@cspell/dict-django@npm:4.1.6"
  checksum: 10c0/76f71cba5a692df48554a3cd7cff7e27df85ab826e2cddf0594c21062e5c96de3090508314659a9ec708913a4afd61afb0f044ae8c41a1ec573583d516056f2d
  languageName: node
  linkType: hard

"@cspell/dict-docker@npm:^1.1.17":
  version: 1.1.17
  resolution: "@cspell/dict-docker@npm:1.1.17"
  checksum: 10c0/1aaa4ffba7842b9044d1c4c6ae704907e6be3d8407c7feb986b3b7efa2e0139fc2ea3c3ad955d7ba4c92b5f577e05648ffc00a2a27b76d2bb93acde431452e58
  languageName: node
  linkType: hard

"@cspell/dict-dotnet@npm:^5.0.12":
  version: 5.0.12
  resolution: "@cspell/dict-dotnet@npm:5.0.12"
  checksum: 10c0/19edcc32fdaff42de7ca993a3a682897e1e92fcd127be79ed6612685ede92d52232bbe9273712eb21c2cfc7daf11f0bcabedbea5d4fe5d3990cfbc65da0914e2
  languageName: node
  linkType: hard

"@cspell/dict-elixir@npm:^4.0.8":
  version: 4.0.8
  resolution: "@cspell/dict-elixir@npm:4.0.8"
  checksum: 10c0/fe63aace353de8a134102764a58344fe755f27276fddcdf7e858d250ee13732a58f37f940c13bae7080fc286cb5b327ed168d201758da49243a1e45f42512c5f
  languageName: node
  linkType: hard

"@cspell/dict-en-common-misspellings@npm:^2.1.12":
  version: 2.1.12
  resolution: "@cspell/dict-en-common-misspellings@npm:2.1.12"
  checksum: 10c0/5b7acd175ba76f164dcb5f5b7e910511dbd005bbab77fb5ae082603b01112d352af84bcd8d3ddef020db187b51056c4ce6a02dab8aebfcf0aa0dc416a66729a5
  languageName: node
  linkType: hard

"@cspell/dict-en-gb-mit@npm:^3.1.18":
  version: 3.1.22
  resolution: "@cspell/dict-en-gb-mit@npm:3.1.22"
  checksum: 10c0/78501fafeae62b966579c10de1f4fc24dedd57f83bdcafc72e314c9b781490858423890932b974f370dc8da2943cc8fdae435a289b13a397d8aa7986aa391d07
  languageName: node
  linkType: hard

"@cspell/dict-en_us@npm:^4.4.29":
  version: 4.4.33
  resolution: "@cspell/dict-en_us@npm:4.4.33"
  checksum: 10c0/c2b226f6879a58cfeecfa209116a241aabb9482b7fe56cac115b46bfefd557ec4f06efa33ae96c4d6e883cae70b5fdde83063315504c1dc4e4fb7916a46c2045
  languageName: node
  linkType: hard

"@cspell/dict-filetypes@npm:^3.0.15":
  version: 3.0.15
  resolution: "@cspell/dict-filetypes@npm:3.0.15"
  checksum: 10c0/2bf7c592fbe4755dfff8375fbe422b0ac6c0daebc71d4641141611520aeb67e043e9016075b7855513306b594980a6b55af2069e10848256493fcb39a34d0725
  languageName: node
  linkType: hard

"@cspell/dict-flutter@npm:^1.1.1":
  version: 1.1.1
  resolution: "@cspell/dict-flutter@npm:1.1.1"
  checksum: 10c0/77e4533e6e7a38261ba2d744ca0c3aabb78f79b1ba6a2fde32169e475e5f940a526503097e520807155a0d8d0c16db346968873a32f1e99393be687da505e1b4
  languageName: node
  linkType: hard

"@cspell/dict-fonts@npm:^4.0.5":
  version: 4.0.5
  resolution: "@cspell/dict-fonts@npm:4.0.5"
  checksum: 10c0/5ed1886fabe245e1abeb7da2b0d6a534ddf204666ecd5d7d153a422dfbb93854456025b1894bc61e7c21915116d06b177e3012bc7a969307c8797baac2380f6f
  languageName: node
  linkType: hard

"@cspell/dict-fsharp@npm:^1.1.1":
  version: 1.1.1
  resolution: "@cspell/dict-fsharp@npm:1.1.1"
  checksum: 10c0/919de1f2a29d646781cb3114985f2730cc5ee0a253dc03c225c4430e73659e1189891fa7fa09c43179437e7386f4094e41d23d754b0a99a342344986094e2846
  languageName: node
  linkType: hard

"@cspell/dict-fullstack@npm:^3.2.8":
  version: 3.2.9
  resolution: "@cspell/dict-fullstack@npm:3.2.9"
  checksum: 10c0/a13d08099d1048797fe37d2a654846ff5086193bd29d57b62423ebc74f6c08c9f3b52c49f08b73d6bd09cdb393b70351f85f151893a20a5f8c858e474dd42e75
  languageName: node
  linkType: hard

"@cspell/dict-gaming-terms@npm:^1.1.2":
  version: 1.1.2
  resolution: "@cspell/dict-gaming-terms@npm:1.1.2"
  checksum: 10c0/eba9c672d352e54011704d97f5467158c02c238fa1639e64177ee1cd0d2c52deb57f0c9ae5f3c64d1742fd6a479515d0d8de5d1fc4ef8c5db58affb9947c90ea
  languageName: node
  linkType: hard

"@cspell/dict-git@npm:^3.1.0":
  version: 3.1.0
  resolution: "@cspell/dict-git@npm:3.1.0"
  checksum: 10c0/161a9bd35f44173993c84ec2bc394c5fab4fe7d69070daa170be4922e295d60a3e34cecb04869a8b685b761c7ace83241ff4d60db93d2850368d769733a58de9
  languageName: node
  linkType: hard

"@cspell/dict-golang@npm:^6.0.26":
  version: 6.0.26
  resolution: "@cspell/dict-golang@npm:6.0.26"
  checksum: 10c0/514c54dc72620975e552ad91ecc8d98143611224e7fe3606fc6041f3248e9f9457be1f25027ff1d9bc2961459c5759dff3a01251054aab83bbcc9f927648b755
  languageName: node
  linkType: hard

"@cspell/dict-google@npm:^1.0.9":
  version: 1.0.9
  resolution: "@cspell/dict-google@npm:1.0.9"
  checksum: 10c0/f7e10353f97910a884f1d5ea4e60d4dd5a475ab27b669e97ade88669b1726eb4ed7c4f2ae5e3a227da77a15433ca3b6faba8d8700ff431b31c812d3c5329c8e4
  languageName: node
  linkType: hard

"@cspell/dict-haskell@npm:^4.0.6":
  version: 4.0.6
  resolution: "@cspell/dict-haskell@npm:4.0.6"
  checksum: 10c0/cb8a179e26190ca333789dcbd1dae3c03ec28a8d4dd99756e770c9cf837e66a78f291e6db0d8ea7763cdbb968b0369998c593978a3bb52a9b38aaa4ce8746b3a
  languageName: node
  linkType: hard

"@cspell/dict-html-symbol-entities@npm:^4.0.5":
  version: 4.0.5
  resolution: "@cspell/dict-html-symbol-entities@npm:4.0.5"
  checksum: 10c0/8278b8cca06e6d3654e81b1809227ff1d64e053f79308966ea601194ce51fa3a385dde6844509b26223de70d034e60a85c604a729f021c0de63f8a5e6f29b0ce
  languageName: node
  linkType: hard

"@cspell/dict-html@npm:^4.0.14":
  version: 4.0.14
  resolution: "@cspell/dict-html@npm:4.0.14"
  checksum: 10c0/8dedb8a20f7bc53db4b933ae118ee0ab654b176648b2451d335ca8bd266f84ce8deb52989aa51a52f872730262e113b73874b88320b115ab2e993876a3f24cb1
  languageName: node
  linkType: hard

"@cspell/dict-java@npm:^5.0.12":
  version: 5.0.12
  resolution: "@cspell/dict-java@npm:5.0.12"
  checksum: 10c0/aba65f3762350c7e9381f5dc174d3cd1292379eef6b426e1561aeca3476c63268a10b99cfcd7b8cd15bbaef8dfa7abb914a3f34f211c504064a22409a1441923
  languageName: node
  linkType: hard

"@cspell/dict-julia@npm:^1.1.1":
  version: 1.1.1
  resolution: "@cspell/dict-julia@npm:1.1.1"
  checksum: 10c0/6dbc4c17bbee1a95491bf77b9438924852e9393699ac24e02a0b6846fdaf00a6ed5baafa94aa91a6f50016c3ab43c399ac814afa6504518da7e2f26a97ff3d0e
  languageName: node
  linkType: hard

"@cspell/dict-k8s@npm:^1.0.12":
  version: 1.0.12
  resolution: "@cspell/dict-k8s@npm:1.0.12"
  checksum: 10c0/53ca1b0d86f8432fb9548982edfde402985a1dc7c0b778374968a9b657e53bace638ef188551c0847588e2bf6ad147d2cd0ee92d5a37b71b0791e63971bfd2d1
  languageName: node
  linkType: hard

"@cspell/dict-kotlin@npm:^1.1.1":
  version: 1.1.1
  resolution: "@cspell/dict-kotlin@npm:1.1.1"
  checksum: 10c0/45d0efc3701007b87e562d434eae8b05a16f730b28dd6d3ec237014d1b87dfa49075b57fad1acdb7b7939c64777f5238b991379debd9a45d91a3193a1e3481fc
  languageName: node
  linkType: hard

"@cspell/dict-latex@npm:^5.0.0":
  version: 5.1.0
  resolution: "@cspell/dict-latex@npm:5.1.0"
  checksum: 10c0/e806722c0ff1581a069245cb297b954f8e24fb6e1942f2547b0fee7783fc9b59d08fe2d2c7ddf3f7f9eef60d783ac9a4290f37956b9723b13e21c9422d7962b0
  languageName: node
  linkType: hard

"@cspell/dict-lorem-ipsum@npm:^4.0.5":
  version: 4.0.5
  resolution: "@cspell/dict-lorem-ipsum@npm:4.0.5"
  checksum: 10c0/dd28957e60f4f68baec72fb69196394b9993fcadadcf018c58de75bf89434e4cd49e694cd33dccfcd18d4f65e489f37d284044ef75615613369e0a72dd2ec974
  languageName: node
  linkType: hard

"@cspell/dict-lua@npm:^4.0.8":
  version: 4.0.8
  resolution: "@cspell/dict-lua@npm:4.0.8"
  checksum: 10c0/24dd577a75bcc5fcd194a337fdcb7a443f239b1b22f7392787ed8e9fd82f03f14b524a5f49a394c2d372ba493ab6cb3aebe7219da69e4565404b11cc29a909a3
  languageName: node
  linkType: hard

"@cspell/dict-makefile@npm:^1.0.5":
  version: 1.0.5
  resolution: "@cspell/dict-makefile@npm:1.0.5"
  checksum: 10c0/ee6ae5472493cb5fde7326c4ecb9e036b8a3cd348c3c06c2cbe5ce420a13776bd8f6fb0709f2f5bb62f745ea4d1fa63d59e533fbce13bde07743867f77818e86
  languageName: node
  linkType: hard

"@cspell/dict-markdown@npm:^2.0.14":
  version: 2.0.14
  resolution: "@cspell/dict-markdown@npm:2.0.14"
  peerDependencies:
    "@cspell/dict-css": ^4.0.19
    "@cspell/dict-html": ^4.0.14
    "@cspell/dict-html-symbol-entities": ^4.0.5
    "@cspell/dict-typescript": ^3.2.3
  checksum: 10c0/2198375545579fe4aac7b2a53ae4125bee212fa489be5d19193b227308c3e5c687bfc140111c6263bf2d5a7963eb07f2e4b6c737b2de733fc4e0cf3b2123ece2
  languageName: node
  linkType: hard

"@cspell/dict-monkeyc@npm:^1.0.12":
  version: 1.0.12
  resolution: "@cspell/dict-monkeyc@npm:1.0.12"
  checksum: 10c0/97250565f808cbf37d66f2585db7accf449bc1836c72b3fac0449896fe17b8dfa3e5dc15f27f4e5cbe61dc7c24e9b17c1d7f475c934cd7c68b1aa597386a5bc0
  languageName: node
  linkType: hard

"@cspell/dict-node@npm:^5.0.9":
  version: 5.0.9
  resolution: "@cspell/dict-node@npm:5.0.9"
  checksum: 10c0/129fa7cd204e26769829912a8a64225af45b5cf0438f597329966e1c3db5ffca04b4c426d9cee594f271d14500e11319bc7ed371207cb18d73966000303e3072
  languageName: node
  linkType: hard

"@cspell/dict-npm@npm:^5.2.34":
  version: 5.2.38
  resolution: "@cspell/dict-npm@npm:5.2.38"
  checksum: 10c0/6eeeb9a0fd114fedaf7b8599f899484b20acd4e67a008056833b5791d59098c023023ac7afcbe5f35e7863ff6f64dad5012fbfaa8edb8695775d8f5635d53395
  languageName: node
  linkType: hard

"@cspell/dict-php@npm:^4.1.1":
  version: 4.1.1
  resolution: "@cspell/dict-php@npm:4.1.1"
  checksum: 10c0/e11e2a3799b2c9ea590ce8b2e69838965f3d8f83020961720afde9c9c57b6ccdb013d54346900766ccf422c548c916dd2aaa890563d36cf12498ad3ddfe67d7a
  languageName: node
  linkType: hard

"@cspell/dict-powershell@npm:^5.0.15":
  version: 5.0.15
  resolution: "@cspell/dict-powershell@npm:5.0.15"
  checksum: 10c0/be9219dcaaa85ce3c8c51330cab3464b3dc3ea333ef96e98cca16375f80a807ee590f41fc0630e97460292f6a73d4ccb0d7c44b032a7c2fdaa168fe951631797
  languageName: node
  linkType: hard

"@cspell/dict-public-licenses@npm:^2.0.15":
  version: 2.0.15
  resolution: "@cspell/dict-public-licenses@npm:2.0.15"
  checksum: 10c0/ff3f159b00668f0714c0bc8c2492fb72aaedce5464baf0a4c60dd4a3348f9a3d15f7b63e4ed0f6e7124ba552701c14f2d10769cc1a4d593c82c460fbb3bbf84a
  languageName: node
  linkType: hard

"@cspell/dict-python@npm:^4.2.25":
  version: 4.2.25
  resolution: "@cspell/dict-python@npm:4.2.25"
  dependencies:
    "@cspell/dict-data-science": "npm:^2.0.13"
  checksum: 10c0/dcab0aac0075f76b0360fd07d61b4421f543e72a98a482494f9a3decb650d475f4508918c85ef8985eeabac11431bf7f67b496491d58a33cf41c25a6016e84a9
  languageName: node
  linkType: hard

"@cspell/dict-r@npm:^2.1.1":
  version: 2.1.1
  resolution: "@cspell/dict-r@npm:2.1.1"
  checksum: 10c0/ff36a7f8669dde33e09d824de487bbab584c0105c61c97f38375835664a42566874051891d8ede7ac134bab4bd84c12bd333800d9c548386086ac496a87fd576
  languageName: node
  linkType: hard

"@cspell/dict-ruby@npm:^5.1.0":
  version: 5.1.0
  resolution: "@cspell/dict-ruby@npm:5.1.0"
  checksum: 10c0/d9ca8a8d72869b37b201fd5d17d1e7d0094185dde559861b899256b7dd55e80aedba430ac2ca393d0db479c284cc89cd2eec8f9e56e5601ebd715f0463c75b7d
  languageName: node
  linkType: hard

"@cspell/dict-rust@npm:^4.1.2":
  version: 4.1.2
  resolution: "@cspell/dict-rust@npm:4.1.2"
  checksum: 10c0/ccee1ef1652f8855f2fee1c5b7c173eda9660f0c7f1eadb550ab2e4e8e2ee2e31eee903e294a32052996fed4045907b0a53383f6fe74d28a04de94a4ac69a29d
  languageName: node
  linkType: hard

"@cspell/dict-scala@npm:^5.0.9":
  version: 5.0.9
  resolution: "@cspell/dict-scala@npm:5.0.9"
  checksum: 10c0/f6b214f4cebcb68a270f4e5cb4163fdd59b58afb28894ac6f523025f411792454c6645c0c616d00af10ea541d5fbd25d34ad7986ddef1bb2181003e39140abbe
  languageName: node
  linkType: hard

"@cspell/dict-shell@npm:1.1.2, @cspell/dict-shell@npm:^1.1.2":
  version: 1.1.2
  resolution: "@cspell/dict-shell@npm:1.1.2"
  checksum: 10c0/5c05d24e6944abee63f6726630967691d175376152c98f8ed82a149d8f2065b507dd1fbbb542b8df01c19280b23737ed786c9c527d6a3b3386f525ec6478eafc
  languageName: node
  linkType: hard

"@cspell/dict-software-terms@npm:^5.1.21":
  version: 5.2.1
  resolution: "@cspell/dict-software-terms@npm:5.2.1"
  checksum: 10c0/4ea83f4781f22a8849cadbfd743343110c189c6530bf5ebca1d3cad42a0a10dd05dff94d7d02aaf3d277faf296dad1e6dcdc746587321fe2a8616c4f448d6c5b
  languageName: node
  linkType: hard

"@cspell/dict-sql@npm:^2.2.1":
  version: 2.2.1
  resolution: "@cspell/dict-sql@npm:2.2.1"
  checksum: 10c0/0e4e763a81669226cd54888546b0cffb12b66be0f945e97c1ea11638a3e4a074408bafeac10a7cf455781a0e5d55b41f5b0ff6fb0d58ae0b043dc1f37e792d51
  languageName: node
  linkType: hard

"@cspell/dict-svelte@npm:^1.0.7":
  version: 1.0.7
  resolution: "@cspell/dict-svelte@npm:1.0.7"
  checksum: 10c0/08aaf8818c6626bb330359d9682893daade5884105421db6916636a54423f043b706d49a3ad0b07fe05e7751753f9fa8dda1ac6c11662d6f16741c87f30d0c2a
  languageName: node
  linkType: hard

"@cspell/dict-swift@npm:^2.0.6":
  version: 2.0.6
  resolution: "@cspell/dict-swift@npm:2.0.6"
  checksum: 10c0/ef8e5a6a63dd29055fd614a4d29e50b81fb88db166bb239a15279583def70786f6f3eb63e0071f771efe35b94739d22e5d48ccb4542dd0f217b71229f93a6377
  languageName: node
  linkType: hard

"@cspell/dict-terraform@npm:^1.1.3":
  version: 1.1.3
  resolution: "@cspell/dict-terraform@npm:1.1.3"
  checksum: 10c0/3964295ef52ab787d42360c48f312614034181f3b63c9a567a724c07af35872d6e2c96f765f2f9ba87e8a40451961844307459c40e066506b549cd55e1746ece
  languageName: node
  linkType: hard

"@cspell/dict-typescript@npm:^3.2.3":
  version: 3.2.3
  resolution: "@cspell/dict-typescript@npm:3.2.3"
  checksum: 10c0/b4bb34efa2f3ce120cf5a7d4aab4a49ffcb2aaa59c5d81aa5e2550e06d61738399e015c9e1447c1beb9fadbf6b084523be696ae9d5f9d3b63ea6f6189d280316
  languageName: node
  linkType: hard

"@cspell/dict-vue@npm:^3.0.5":
  version: 3.0.5
  resolution: "@cspell/dict-vue@npm:3.0.5"
  checksum: 10c0/da4a1778095c8f56953d1f1934f41369e4e5c9b83e0862cd37782aae875820e8404f8dd3cd4cb2ea5be46370dd1698966f69b50121c75a50b8652414dc26f2cc
  languageName: node
  linkType: hard

"@cspell/dict-zig@npm:^1.0.0":
  version: 1.0.0
  resolution: "@cspell/dict-zig@npm:1.0.0"
  checksum: 10c0/bc302e117002c9d6ebfb5d3e085d9a6f2e65d63440deb9f137dce1d8a75650593f5b83d47488ab394cfbc173be032661dc36bc74c85b9826f60a7d2fc7955ffc
  languageName: node
  linkType: hard

"@cspell/dynamic-import@npm:9.7.0":
  version: 9.7.0
  resolution: "@cspell/dynamic-import@npm:9.7.0"
  dependencies:
    "@cspell/url": "npm:9.7.0"
    import-meta-resolve: "npm:^4.2.0"
  checksum: 10c0/30f718b789e580fedb414fd65522a69ec7d96af42d063cfcb6b527b737313b4dc30e1dc0c5578ba202ed761073364c935cf24d6e8babdb192e602f101dab44db
  languageName: node
  linkType: hard

"@cspell/filetypes@npm:9.7.0":
  version: 9.7.0
  resolution: "@cspell/filetypes@npm:9.7.0"
  checksum: 10c0/128b954c56864e4a2c5bae6a325beef6939739ce3ab020172f7be5a1bec5efe25277ad024fe0fb4a8f1becdf58579f620113aff04b59dd695916ce9aeabff4c3
  languageName: node
  linkType: hard

"@cspell/rpc@npm:9.7.0":
  version: 9.7.0
  resolution: "@cspell/rpc@npm:9.7.0"
  checksum: 10c0/09424bcea49b9267b5f79551a51a9c242318ff7304fca4b0898177256d1372ecd39587f7c8bf8438f05ee31b3d2176a3d9125cb26dd8928a4752523433f12291
  languageName: node
  linkType: hard

"@cspell/strong-weak-map@npm:9.7.0":
  version: 9.7.0
  resolution: "@cspell/strong-weak-map@npm:9.7.0"
  checksum: 10c0/a1e3e4d228dc41a5ed59f698f932ac16ab1d6e9dad0a3eef9f73f310d391dfd2287ded7c3a4a10c53f0461c3765fe442d4a6a091c8a0606f36bd440c264e8a2d
  languageName: node
  linkType: hard

"@cspell/url@npm:9.7.0":
  version: 9.7.0
  resolution: "@cspell/url@npm:9.7.0"
  checksum: 10c0/c11dff3b3a8a78c7022e8e6d88abbd49a0f9d29ffbd185008f224286f2fdc8490a3d35c8ea07fc0273b422256eb10186881d0bcb9c51dee641f09b1355984b88
  languageName: node
  linkType: hard

"@prettier/plugin-ruby@npm:^4.0.4":
  version: 4.0.4
  resolution: "@prettier/plugin-ruby@npm:4.0.4"
  peerDependencies:
    prettier: ^3.0.0
  checksum: 10c0/7567d7f87fe807f7a90fb4eba7a91d25a1843e19de09289412ba0420e25fadea9840085b495c54212249bb418fcd146d53b105c0e4e57990c5235326bd7c6b01
  languageName: node
  linkType: hard

"ansi-regex@npm:^6.2.2":
  version: 6.2.2
  resolution: "ansi-regex@npm:6.2.2"
  checksum: 10c0/05d4acb1d2f59ab2cf4b794339c7b168890d44dda4bf0ce01152a8da0213aca207802f930442ce8cd22d7a92f44907664aac6508904e75e038fa944d2601b30f
  languageName: node
  linkType: hard

"array-timsort@npm:^1.0.3":
  version: 1.0.3
  resolution: "array-timsort@npm:1.0.3"
  checksum: 10c0/bd3a1707b621947265c89867e67c9102b9b9f4c50f5b3974220112290d8b60d26ce60595edec5deed3325207b759d70b758bed3cd310b5ddadb835657ffb6d12
  languageName: node
  linkType: hard

"callsites@npm:^3.0.0, callsites@npm:^3.1.0":
  version: 3.1.0
  resolution: "callsites@npm:3.1.0"
  checksum: 10c0/fff92277400eb06c3079f9e74f3af120db9f8ea03bad0e84d9aede54bbe2d44a56cccb5f6cf12211f93f52306df87077ecec5b712794c5a9b5dac6d615a3f301
  languageName: node
  linkType: hard

"chalk-template@npm:^1.1.2":
  version: 1.1.2
  resolution: "chalk-template@npm:1.1.2"
  dependencies:
    chalk: "npm:^5.2.0"
  checksum: 10c0/6d29b185c613cb117ae87c67cef80f531ae860ffb798f94dbf46597c3abaf69eb55bea5e57a99713086933c461ccff918bb70c6af491b83b109654da8b2c006f
  languageName: node
  linkType: hard

"chalk@npm:^5.2.0":
  version: 5.3.0
  resolution: "chalk@npm:5.3.0"
  checksum: 10c0/8297d436b2c0f95801103ff2ef67268d362021b8210daf8ddbe349695333eb3610a71122172ff3b0272f1ef2cf7cc2c41fdaa4715f52e49ffe04c56340feed09
  languageName: node
  linkType: hard

"chalk@npm:^5.6.2":
  version: 5.6.2
  resolution: "chalk@npm:5.6.2"
  checksum: 10c0/99a4b0f0e7991796b1e7e3f52dceb9137cae2a9dfc8fc0784a550dc4c558e15ab32ed70b14b21b52beb2679b4892b41a0aa44249bcb996f01e125d58477c6976
  languageName: node
  linkType: hard

"clear-module@npm:^4.1.2":
  version: 4.1.2
  resolution: "clear-module@npm:4.1.2"
  dependencies:
    parent-module: "npm:^2.0.0"
    resolve-from: "npm:^5.0.0"
  checksum: 10c0/73207f06af256e3c8901ceaa74f7e4468a777aa68dedc7f745db4116861a7f8e69c558e16dbdf7b3d2295675d5896f916ba55b5dc737dda81792dbeee1488127
  languageName: node
  linkType: hard

"commander@npm:^14.0.3":
  version: 14.0.3
  resolution: "commander@npm:14.0.3"
  checksum: 10c0/755652564bbf56ff2ff083313912b326450d3f8d8c85f4b71416539c9a05c3c67dbd206821ca72635bf6b160e2afdefcb458e86b317827d5cb333b69ce7f1a24
  languageName: node
  linkType: hard

"comment-json@npm:^4.5.1":
  version: 4.5.1
  resolution: "comment-json@npm:4.5.1"
  dependencies:
    array-timsort: "npm:^1.0.3"
    core-util-is: "npm:^1.0.3"
    esprima: "npm:^4.0.1"
  checksum: 10c0/aea59becb413fef2d21ec8f3d58b0dd024c47901c5f77c8436b19cc17f9ead0841b2f40d7a87a9b4061b8c048cd10c3c502e512eb8756ffc9aa58915ba5e4482
  languageName: node
  linkType: hard

"core-util-is@npm:^1.0.3":
  version: 1.0.3
  resolution: "core-util-is@npm:1.0.3"
  checksum: 10c0/90a0e40abbddfd7618f8ccd63a74d88deea94e77d0e8dbbea059fa7ebebb8fbb4e2909667fe26f3a467073de1a542ebe6ae4c73a73745ac5833786759cd906c9
  languageName: node
  linkType: hard

"cspell-config-lib@npm:9.7.0":
  version: 9.7.0
  resolution: "cspell-config-lib@npm:9.7.0"
  dependencies:
    "@cspell/cspell-types": "npm:9.7.0"
    comment-json: "npm:^4.5.1"
    smol-toml: "npm:^1.6.0"
    yaml: "npm:^2.8.2"
  checksum: 10c0/dcd7bc89d811c2276fad77be79cd04326aa5ab54bd6658fcd9e776f2bab943a5417969967548a2b7d3d24ef8f82f0873b6e16769f468430536d9ec842e0a0562
  languageName: node
  linkType: hard

"cspell-dictionary@npm:9.7.0":
  version: 9.7.0
  resolution: "cspell-dictionary@npm:9.7.0"
  dependencies:
    "@cspell/cspell-performance-monitor": "npm:9.7.0"
    "@cspell/cspell-pipe": "npm:9.7.0"
    "@cspell/cspell-types": "npm:9.7.0"
    cspell-trie-lib: "npm:9.7.0"
    fast-equals: "npm:^6.0.0"
  checksum: 10c0/2d38712ddfed5a7a563534b43497de750bc172a03abb48e13178c112fd5d6042e7ff219125c250fff8ed62233b8ae9b818bfb16522242b68ab208b59f1cfa8ac
  languageName: node
  linkType: hard

"cspell-gitignore@npm:9.7.0":
  version: 9.7.0
  resolution: "cspell-gitignore@npm:9.7.0"
  dependencies:
    "@cspell/url": "npm:9.7.0"
    cspell-glob: "npm:9.7.0"
    cspell-io: "npm:9.7.0"
  bin:
    cspell-gitignore: bin.mjs
  checksum: 10c0/cf21999afd4c5305fa7e7cbb38d42b5dadc4663a2a944d5912200e518ca1ece137726b9d9ab6d792ae9648a24d8808936476b7ce6258d458f4e5ccab9faa4b8b
  languageName: node
  linkType: hard

"cspell-glob@npm:9.7.0":
  version: 9.7.0
  resolution: "cspell-glob@npm:9.7.0"
  dependencies:
    "@cspell/url": "npm:9.7.0"
    picomatch: "npm:^4.0.3"
  checksum: 10c0/2628051c5f98f3cba19dbc3f59cbdfbc59113042d391602c38e5af0376ea864c35554f55b5a3198915c56e46686fc3c602f6dddcdf9f94a83aff829cee2b4cc9
  languageName: node
  linkType: hard

"cspell-grammar@npm:9.7.0":
  version: 9.7.0
  resolution: "cspell-grammar@npm:9.7.0"
  dependencies:
    "@cspell/cspell-pipe": "npm:9.7.0"
    "@cspell/cspell-types": "npm:9.7.0"
  bin:
    cspell-grammar: bin.mjs
  checksum: 10c0/f13536425d8740eaf259097e001129a81bb7b5705931658a70ab9c3e9eb7884ef8cb97544ad56e2e2b4f46a4af3c61cbecdabdd0bde987b77f6afb0ea49ef3e8
  languageName: node
  linkType: hard

"cspell-io@npm:9.7.0":
  version: 9.7.0
  resolution: "cspell-io@npm:9.7.0"
  dependencies:
    "@cspell/cspell-service-bus": "npm:9.7.0"
    "@cspell/url": "npm:9.7.0"
  checksum: 10c0/9adba4ec5b7eca1a6ff7edb1ad7ffb3eb3f1c322e63dfcc0cc81d6a2944c590cbe994f8fd6b2a565ac810cfb6847ba384137fef13a8fd21dd2f840d365b99ea1
  languageName: node
  linkType: hard

"cspell-lib@npm:9.7.0":
  version: 9.7.0
  resolution: "cspell-lib@npm:9.7.0"
  dependencies:
    "@cspell/cspell-bundled-dicts": "npm:9.7.0"
    "@cspell/cspell-performance-monitor": "npm:9.7.0"
    "@cspell/cspell-pipe": "npm:9.7.0"
    "@cspell/cspell-resolver": "npm:9.7.0"
    "@cspell/cspell-types": "npm:9.7.0"
    "@cspell/dynamic-import": "npm:9.7.0"
    "@cspell/filetypes": "npm:9.7.0"
    "@cspell/rpc": "npm:9.7.0"
    "@cspell/strong-weak-map": "npm:9.7.0"
    "@cspell/url": "npm:9.7.0"
    clear-module: "npm:^4.1.2"
    cspell-config-lib: "npm:9.7.0"
    cspell-dictionary: "npm:9.7.0"
    cspell-glob: "npm:9.7.0"
    cspell-grammar: "npm:9.7.0"
    cspell-io: "npm:9.7.0"
    cspell-trie-lib: "npm:9.7.0"
    env-paths: "npm:^4.0.0"
    gensequence: "npm:^8.0.8"
    import-fresh: "npm:^3.3.1"
    resolve-from: "npm:^5.0.0"
    vscode-languageserver-textdocument: "npm:^1.0.12"
    vscode-uri: "npm:^3.1.0"
    xdg-basedir: "npm:^5.1.0"
  checksum: 10c0/c0b3b233e68537a88ca72339bca2a7af9e7e3d74837b007fd6bd719efadca2a611a7670baf41f23781dcfa478ad0f0a21c8a8e14bf8857fe456fb16b6f5a78af
  languageName: node
  linkType: hard

"cspell-trie-lib@npm:9.7.0":
  version: 9.7.0
  resolution: "cspell-trie-lib@npm:9.7.0"
  peerDependencies:
    "@cspell/cspell-types": 9.7.0
  checksum: 10c0/6f70dc3c646d0f01d2bff2a6d300c3f998bf37b94cf149cf09eb27b1a72503111c4cc079f1edc2078951571c7ffd69c87dd8ba6644f54f1588e398e66251a406
  languageName: node
  linkType: hard

"cspell@npm:^9.7.0":
  version: 9.7.0
  resolution: "cspell@npm:9.7.0"
  dependencies:
    "@cspell/cspell-json-reporter": "npm:9.7.0"
    "@cspell/cspell-performance-monitor": "npm:9.7.0"
    "@cspell/cspell-pipe": "npm:9.7.0"
    "@cspell/cspell-types": "npm:9.7.0"
    "@cspell/cspell-worker": "npm:9.7.0"
    "@cspell/dynamic-import": "npm:9.7.0"
    "@cspell/url": "npm:9.7.0"
    ansi-regex: "npm:^6.2.2"
    chalk: "npm:^5.6.2"
    chalk-template: "npm:^1.1.2"
    commander: "npm:^14.0.3"
    cspell-config-lib: "npm:9.7.0"
    cspell-dictionary: "npm:9.7.0"
    cspell-gitignore: "npm:9.7.0"
    cspell-glob: "npm:9.7.0"
    cspell-io: "npm:9.7.0"
    cspell-lib: "npm:9.7.0"
    fast-json-stable-stringify: "npm:^2.1.0"
    flatted: "npm:^3.3.3"
    semver: "npm:^7.7.4"
    tinyglobby: "npm:^0.2.15"
  bin:
    cspell: bin.mjs
    cspell-esm: bin.mjs
  checksum: 10c0/acd41e322fbd60f3c2232c430a35dee1d88f57c87fb9700cb76bc8c66598e4eeaf37d580749568f4b6fb2a66d9ff132c2a09bbc5d34cf2d2175a0dcaebc122d9
  languageName: node
  linkType: hard

"env-paths@npm:^4.0.0":
  version: 4.0.0
  resolution: "env-paths@npm:4.0.0"
  dependencies:
    is-safe-filename: "npm:^0.1.0"
  checksum: 10c0/13ee7fa4047786ca28f1fbf2239606f8a53304bdf71bfc426e95f806e429060181205316f2c45b4ac560e81c854ded5a45fd9dc3105414c01d504b3469a1294b
  languageName: node
  linkType: hard

"esprima@npm:^4.0.1":
  version: 4.0.1
  resolution: "esprima@npm:4.0.1"
  bin:
    esparse: ./bin/esparse.js
    esvalidate: ./bin/esvalidate.js
  checksum: 10c0/ad4bab9ead0808cf56501750fd9d3fb276f6b105f987707d059005d57e182d18a7c9ec7f3a01794ebddcca676773e42ca48a32d67a250c9d35e009ca613caba3
  languageName: node
  linkType: hard

"fast-equals@npm:^6.0.0":
  version: 6.0.0
  resolution: "fast-equals@npm:6.0.0"
  checksum: 10c0/aae54699ce848726679a947c8bbea78f2ea0384e4e1ee213c98f10881a17bb376bd11085eda4d6c89db5285635ee2f809b126d773532fcf602be355008a9d5ed
  languageName: node
  linkType: hard

"fast-json-stable-stringify@npm:^2.1.0":
  version: 2.1.0
  resolution: "fast-json-stable-stringify@npm:2.1.0"
  checksum: 10c0/7f081eb0b8a64e0057b3bb03f974b3ef00135fbf36c1c710895cd9300f13c94ba809bb3a81cf4e1b03f6e5285610a61abbd7602d0652de423144dfee5a389c9b
  languageName: node
  linkType: hard

"fdir@npm:^6.5.0":
  version: 6.5.0
  resolution: "fdir@npm:6.5.0"
  peerDependencies:
    picomatch: ^3 || ^4
  peerDependenciesMeta:
    picomatch:
      optional: true
  checksum: 10c0/e345083c4306b3aed6cb8ec551e26c36bab5c511e99ea4576a16750ddc8d3240e63826cc624f5ae17ad4dc82e68a253213b60d556c11bfad064b7607847ed07f
  languageName: node
  linkType: hard

"flatted@npm:^3.3.3":
  version: 3.3.3
  resolution: "flatted@npm:3.3.3"
  checksum: 10c0/e957a1c6b0254aa15b8cce8533e24165abd98fadc98575db082b786b5da1b7d72062b81bfdcd1da2f4d46b6ed93bec2434e62333e9b4261d79ef2e75a10dd538
  languageName: node
  linkType: hard

"gensequence@npm:^8.0.8":
  version: 8.0.8
  resolution: "gensequence@npm:8.0.8"
  checksum: 10c0/a1315a9c366c4becda7720c8ecb986cbab912352e8fe25fdb57325d4a8fb3cce816cc227acd7bf2141283656f1e04229655240a2cc70d75836eec13ed8a96425
  languageName: node
  linkType: hard

"global-directory@npm:^5.0.0":
  version: 5.0.0
  resolution: "global-directory@npm:5.0.0"
  dependencies:
    ini: "npm:6.0.0"
  checksum: 10c0/2b90eea8975bb332db7e8c9096ff310f0deb617d17e47e93b921d1c69f7677c1759a07009f2581f050d3ea08a3e079bf4ffdb9c34c94d48dc369c6577b3d45f4
  languageName: node
  linkType: hard

"import-fresh@npm:^3.3.1":
  version: 3.3.1
  resolution: "import-fresh@npm:3.3.1"
  dependencies:
    parent-module: "npm:^1.0.0"
    resolve-from: "npm:^4.0.0"
  checksum: 10c0/bf8cc494872fef783249709385ae883b447e3eb09db0ebd15dcead7d9afe7224dad7bd7591c6b73b0b19b3c0f9640eb8ee884f01cfaf2887ab995b0b36a0cbec
  languageName: node
  linkType: hard

"import-meta-resolve@npm:^4.2.0":
  version: 4.2.0
  resolution: "import-meta-resolve@npm:4.2.0"
  checksum: 10c0/3ee8aeecb61d19b49d2703987f977e9d1c7d4ba47db615a570eaa02fe414f40dfa63f7b953e842cbe8470d26df6371332bfcf21b2fd92b0112f9fea80dde2c4c
  languageName: node
  linkType: hard

"ini@npm:6.0.0":
  version: 6.0.0
  resolution: "ini@npm:6.0.0"
  checksum: 10c0/9a7f55f306e2b25b41ae67c8b526e8f4673f057b70852b9025816ef4f15f07bf1ba35ed68ea4471ff7b31718f7ef1bc50d709f8d03cb012e10a3135eb99c7206
  languageName: node
  linkType: hard

"is-safe-filename@npm:^0.1.0":
  version: 0.1.1
  resolution: "is-safe-filename@npm:0.1.1"
  checksum: 10c0/45c35d2253b96348e2c26590e14feed51d1e6b72aaa567930ccb34e68c0eef00ebcf3b7e01b46bf45e578a27355cd8f5bc12f7d6d79a34d33dc93d4560c0f6b6
  languageName: node
  linkType: hard

"open-meteo-ruby@workspace:.":
  version: 0.0.0-use.local
  resolution: "open-meteo-ruby@workspace:."
  dependencies:
    "@prettier/plugin-ruby": "npm:^4.0.4"
    cspell: "npm:^9.7.0"
    prettier: "npm:^3.8.1"
  languageName: unknown
  linkType: soft

"parent-module@npm:^1.0.0":
  version: 1.0.1
  resolution: "parent-module@npm:1.0.1"
  dependencies:
    callsites: "npm:^3.0.0"
  checksum: 10c0/c63d6e80000d4babd11978e0d3fee386ca7752a02b035fd2435960ffaa7219dc42146f07069fb65e6e8bf1caef89daf9af7535a39bddf354d78bf50d8294f556
  languageName: node
  linkType: hard

"parent-module@npm:^2.0.0":
  version: 2.0.0
  resolution: "parent-module@npm:2.0.0"
  dependencies:
    callsites: "npm:^3.1.0"
  checksum: 10c0/e4c5e34102c709df1932e1065dee53764fbd869f5a673beb8c3b4bcbbd4a7be16e3595f8846b24f52a77b9e96d8d499e68736ec690b108e55d95a5315f41e073
  languageName: node
  linkType: hard

"picomatch@npm:^4.0.3":
  version: 4.0.3
  resolution: "picomatch@npm:4.0.3"
  checksum: 10c0/9582c951e95eebee5434f59e426cddd228a7b97a0161a375aed4be244bd3fe8e3a31b846808ea14ef2c8a2527a6eeab7b3946a67d5979e81694654f939473ae2
  languageName: node
  linkType: hard

"prettier@npm:^3.8.1":
  version: 3.8.1
  resolution: "prettier@npm:3.8.1"
  bin:
    prettier: bin/prettier.cjs
  checksum: 10c0/33169b594009e48f570471271be7eac7cdcf88a209eed39ac3b8d6d78984039bfa9132f82b7e6ba3b06711f3bfe0222a62a1bfb87c43f50c25a83df1b78a2c42
  languageName: node
  linkType: hard

"resolve-from@npm:^4.0.0":
  version: 4.0.0
  resolution: "resolve-from@npm:4.0.0"
  checksum: 10c0/8408eec31a3112ef96e3746c37be7d64020cda07c03a920f5024e77290a218ea758b26ca9529fd7b1ad283947f34b2291c1c0f6aa0ed34acfdda9c6014c8d190
  languageName: node
  linkType: hard

"resolve-from@npm:^5.0.0":
  version: 5.0.0
  resolution: "resolve-from@npm:5.0.0"
  checksum: 10c0/b21cb7f1fb746de8107b9febab60095187781137fd803e6a59a76d421444b1531b641bba5857f5dc011974d8a5c635d61cec49e6bd3b7fc20e01f0fafc4efbf2
  languageName: node
  linkType: hard

"semver@npm:^7.7.4":
  version: 7.7.4
  resolution: "semver@npm:7.7.4"
  bin:
    semver: bin/semver.js
  checksum: 10c0/5215ad0234e2845d4ea5bb9d836d42b03499546ddafb12075566899fc617f68794bb6f146076b6881d755de17d6c6cc73372555879ec7dce2c2feee947866ad2
  languageName: node
  linkType: hard

"smol-toml@npm:^1.6.0":
  version: 1.6.1
  resolution: "smol-toml@npm:1.6.1"
  checksum: 10c0/511a78722f99c7616fdb46af708de3d7e81434b5a3d58061166da73f28bfc6cae4f0cd04683f60515b9c490cd10152fce72287c960b337419c0299cc1f0f2a22
  languageName: node
  linkType: hard

"tinyglobby@npm:^0.2.15":
  version: 0.2.15
  resolution: "tinyglobby@npm:0.2.15"
  dependencies:
    fdir: "npm:^6.5.0"
    picomatch: "npm:^4.0.3"
  checksum: 10c0/869c31490d0d88eedb8305d178d4c75e7463e820df5a9b9d388291daf93e8b1eb5de1dad1c1e139767e4269fe75f3b10d5009b2cc14db96ff98986920a186844
  languageName: node
  linkType: hard

"vscode-languageserver-textdocument@npm:^1.0.12":
  version: 1.0.12
  resolution: "vscode-languageserver-textdocument@npm:1.0.12"
  checksum: 10c0/534349894b059602c4d97615a1147b6c4c031141c2093e59657f54e38570f5989c21b376836f13b9375419869242e9efb4066643208b21ab1e1dee111a0f00fb
  languageName: node
  linkType: hard

"vscode-uri@npm:^3.1.0":
  version: 3.1.0
  resolution: "vscode-uri@npm:3.1.0"
  checksum: 10c0/5f6c9c10fd9b1664d71fab4e9fbbae6be93c7f75bb3a1d9d74399a88ab8649e99691223fd7cef4644376cac6e94fa2c086d802521b9a8e31c5af3e60f0f35624
  languageName: node
  linkType: hard

"xdg-basedir@npm:^5.1.0":
  version: 5.1.0
  resolution: "xdg-basedir@npm:5.1.0"
  checksum: 10c0/c88efabc71ffd996ba9ad8923a8cc1c7c020a03e2c59f0ffa72e06be9e724ad2a0fccef488757bc6ed3d8849d753dd25082d1035d95cb179e79eae4d034d0b80
  languageName: node
  linkType: hard

"yaml@npm:^2.8.2":
  version: 2.8.2
  resolution: "yaml@npm:2.8.2"
  bin:
    yaml: bin.mjs
  checksum: 10c0/703e4dc1e34b324aa66876d63618dcacb9ed49f7e7fe9b70f1e703645be8d640f68ab84f12b86df8ac960bac37acf5513e115de7c970940617ce0343c8c9cd96
  languageName: node
  linkType: hard
